
Microsoft Visual Studio Solution File, Format Version 12.00
# Visual Studio 15
VisualStudioVersion = 15.0.28307.421
MinimumVisualStudioVersion = 10.0.40219.1
Project("{8BC9CEB8-8B4A-11D0-8D11-00A0C91BC942}") = "ABC50", "ABC50\ABC50.vcxproj", "{6DE46D37-CA7D-483C-BE93-5601D158D575}"
EndProject
Project("{8BC9CEB8-8B4A-11D0-8D11-00A0C91BC942}") = "Wizzards", "Wizzards\Wizzards.vcxproj", "{E5D1CEDD-713B-4874-BAAF-DA7E477D6DA0}"
EndProject
Project("{8BC9CEB8-8B4A-11D0-8D11-00A0C91BC942}") = "ABC51", "ABC_51\ABC_51.vcxproj", "{95BD7156-B2B4-476F-BFCC-1B6FD969CD80}"
EndProject
Project("{8BC9CEB8-8B4A-11D0-8D11-00A0C91BC942}") = "ABCtemplate", "ABCtemplate\ABCtemplate.vcxproj", "{D2892D73-705F-4E7D-95F6-CBC36FF504EE}"
EndProject
Project("{8BC9CEB8-8B4A-11D0-8D11-00A0C91BC942}") = "ABC53", "ABC53\ABC53.vcxproj", "{467B07B5-E8F2-4E32-A1A8-9EF5CF9E6117}"
EndProject
Project("{8BC9CEB8-8B4A-11D0-8D11-00A0C91BC942}") = "ABC52", "ABC52\ABC52.vcxproj", "{8B7BF3DF-E89E-463C-95EA-98C67EF0AD5D}"
EndProject
Project("{8BC9CEB8-8B4A-11D0-8D11-00A0C91BC942}") = "ABC54", "ABC54\ABC54.vcxproj", "{6D7C3FB7-0709-4F79-9B53-F365170404ED}"
EndProject
Project("{8BC9CEB8-8B4A-11D0-8D11-00A0C91BC942}") = "ABC42", "ABC42\ABC42.vcxproj", "{43A27C2A-CFC3-4DF5-84F7-CA46114D53B7}"
EndProject
Project("{8BC9CEB8-8B4A-11D0-8D11-00A0C91BC942}") = "ABC43", "ABC43\ABC43.vcxproj", "{9047648F-CE5B-42A8-AC34-9A6D682DD43E}"
EndProject
Project("{8BC9CEB8-8B4A-11D0-8D11-00A0C91BC942}") = "ABC123", "ABC123\ABC123.vcxproj", "{F562CE05-79A3-4805-A6B0-F8B63AE1A701}"
EndProject
Project("{8BC9CEB8-8B4A-11D0-8D11-00A0C91BC942}") = "ABC55", "ABC55\ABC55.vcxproj", "{AEF73FF7-7CDD-4656-9477-F76EC48FF411}"
EndProject
Project("{8BC9CEB8-8B4A-11D0-8D11-00A0C91BC942}") = "ABC56", "ABC56\ABC56.vcxproj", "{10FD3BF8-3D5E-4F1E-9A8D-346782CACD07}"
EndProject
Project("{8BC9CEB8-8B4A-11D0-8D11-00A0C91BC942}") = "ABC57", "ABC57\ABC57.vcxproj", "{EBCD9EA3-6DB9-45A9-9848-F572E4CED75D}"
EndProject
Project("{8BC9CEB8-8B4A-11D0-8D11-00A0C91BC942}") = "ABC124", "ABC124\ABC124.vcxproj", "{E2B4C56C-494F-41A0-B229-89C4F8552A11}"
EndProject
Project("{8BC9CEB8-8B4A-11D0-8D11-00A0C91BC942}") = "ABC58", "ABC58\ABC58.vcxproj", "{C91CEDAA-4A95-47FB-97A7-660FD8F9D4AF}"
EndProject
Project("{8BC9CEB8-8B4A-11D0-8D11-00A0C91BC942}") = "ABC59", "ABC59\ABC59.vcxproj", "{744909EF-2F4F-444F-BB0C-49A678DBB300}"
EndProject
Project("{8BC9CEB8-8B4A-11D0-8D11-00A0C91BC942}") = "ABC60", "ABC60\ABC60.vcxproj", "{C87ECA79-0691-42A3-88A4-CBA81A47FA24}"
EndProject
Project("{8BC9CEB8-8B4A-11D0-8D11-00A0C91BC942}") = "freakout", "freakout\freakout.vcxproj", "{F1121262-9477-4CA4-A350-B1F31A4DADD5}"
EndProject
Project("{8BC9CEB8-8B4A-11D0-8D11-00A0C91BC942}") = "tenka1", "tenka1\tenka1.vcxproj", "{81E01B7F-7B58-49C0-A652-731638FC8AA3}"
EndProject
Project("{8BC9CEB8-8B4A-11D0-8D11-00A0C91BC942}") = "minpro2019", "minpro2019\minpro2019.vcxproj", "{EC8DEBBE-BCEB-4D01-AC49-4910DF81EA01}"
EndProject
Project("{8BC9CEB8-8B4A-11D0-8D11-00A0C91BC942}") = "ABC44", "ABC44\ABC44.vcxproj", "{A5641DF0-52C7-401F-8535-8348ECCAAF81}"
EndProject
Project("{8BC9CEB8-8B4A-11D0-8D11-00A0C91BC942}") = "yahoo", "yahoo\yahoo.vcxproj", "{2AA6912B-AC70-475A-A463-3240883CF67C}"
EndProject
Project("{8BC9CEB8-8B4A-11D0-8D11-00A0C91BC942}") = "ABC45", "ABC45\ABC45.vcxproj", "{55911F3C-933A-493D-9189-28D5E2A7D372}"
EndProject
Project("{8BC9CEB8-8B4A-11D0-8D11-00A0C91BC942}") = "ABC61", "ABC61\ABC61.vcxproj", "{47A67EEF-46B0-438D-9DFC-D143B88277F0}"
EndProject
Project("{8BC9CEB8-8B4A-11D0-8D11-00A0C91BC942}") = "ABC125", "ABC125\ABC125.vcxproj", "{429F8DDB-7A4F-4F8F-BC67-7386F76DF49B}"
EndProject
Project("{8BC9CEB8-8B4A-11D0-8D11-00A0C91BC942}") = "ABC46", "ABC46\ABC46.vcxproj", "{68850AEE-9B08-43E9-B9E1-DD38CA3EA258}"
EndProject
Project("{8BC9CEB8-8B4A-11D0-8D11-00A0C91BC942}") = "ABC47", "ABC47\ABC47.vcxproj", "{F548AD08-4E2B-468A-AB24-34518E5F9F10}"
EndProject
Project("{8BC9CEB8-8B4A-11D0-8D11-00A0C91BC942}") = "DPmatome", "DPmatome\DPmatome.vcxproj", "{8CA485A1-D046-4433-94DC-A2CB4CDE1D52}"
EndProject
Project("{8BC9CEB8-8B4A-11D0-8D11-00A0C91BC942}") = "ABC48", "ABC48\ABC48.vcxproj", "{343A4D8B-743C-4337-878A-122746B10239}"
EndProject
Project("{8BC9CEB8-8B4A-11D0-8D11-00A0C91BC942}") = "AGC33", "AGC33\AGC33.vcxproj", "{623C21E5-0F2D-468A-B6DC-D39FECAB4F31}"
EndProject
Project("{8BC9CEB8-8B4A-11D0-8D11-00A0C91BC942}") = "CPSCO", "CPSCO\CPSCO.vcxproj", "{7A10F743-0359-4BD0-8F32-CC95503E825F}"
EndProject
Project("{8BC9CEB8-8B4A-11D0-8D11-00A0C91BC942}") = "ABC49", "ABC49\ABC49.vcxproj", "{F33C235A-94E0-4B44-9406-F2CFE8103B9B}"
EndProject
Project("{8BC9CEB8-8B4A-11D0-8D11-00A0C91BC942}") = "ABC122", "ABC122\ABC122.vcxproj", "{EDE1BBD7-BCC9-4412-83DD-891BE8515C5E}"
EndProject
Project("{8BC9CEB8-8B4A-11D0-8D11-00A0C91BC942}") = "ABC121", "ABC121\ABC121.vcxproj", "{C5C4DB80-222A-43BA-A8CA-AF8C32105C0F}"
EndProject
Project("{8BC9CEB8-8B4A-11D0-8D11-00A0C91BC942}") = "ABC120", "ABC120\ABC120.vcxproj", "{CF463CBD-CE01-4F94-8576-EB6A93B94BD8}"
EndProject
Project("{8BC9CEB8-8B4A-11D0-8D11-00A0C91BC942}") = "ABC119", "ABC119\ABC119.vcxproj", "{B2B9A78F-7981-4A32-BEB0-348D49E1EBD4}"
EndProject
Project("{8BC9CEB8-8B4A-11D0-8D11-00A0C91BC942}") = "diverta", "diverta\diverta.vcxproj", "{C736E054-F0E6-460E-BFBE-53F20C4BEC0C}"
EndProject
Project("{8BC9CEB8-8B4A-11D0-8D11-00A0C91BC942}") = "ABC118", "ABC118\ABC118.vcxproj", "{1B31B497-805C-4AD7-9EA7-83806142B3E8}"
EndProject
Project("{8BC9CEB8-8B4A-11D0-8D11-00A0C91BC942}") = "ABC117", "ABC117\ABC117.vcxproj", "{A075A2CF-E835-4B72-A88F-A7739E1334C0}"
EndProject
Project("{8BC9CEB8-8B4A-11D0-8D11-00A0C91BC942}") = "ABC116", "ABC116\ABC116.vcxproj", "{C86EE449-9F9A-4E4D-9275-971CFAE70808}"
EndProject
Project("{8BC9CEB8-8B4A-11D0-8D11-00A0C91BC942}") = "ABC115", "ABC11\ABC11.vcxproj", "{9DC5285F-4A6D-4595-AD4D-913A3C5107D1}"
EndProject
Project("{8BC9CEB8-8B4A-11D0-8D11-00A0C91BC942}") = "ABC114", "ABC114\ABC114.vcxproj", "{65C01EDB-48C8-45DF-AE2F-CD6F3B82A1EB}"
EndProject
Project("{8BC9CEB8-8B4A-11D0-8D11-00A0C91BC942}") = "ABC126", "ABC126\ABC126.vcxproj", "{6268D79C-E171-4F3A-AAF6-5BFE96582565}"
EndProject
Project("{8BC9CEB8-8B4A-11D0-8D11-00A0C91BC942}") = "ABC113", "ABC113\ABC113.vcxproj", "{27EEE192-3157-47C2-B01A-F999A4CC7D5D}"
EndProject
Project("{8BC9CEB8-8B4A-11D0-8D11-00A0C91BC942}") = "ABC112", "ABC112\ABC112.vcxproj", "{14B6212F-7E4A-4EFE-877E-950CAE83CFCE}"
EndProject
Project("{8BC9CEB8-8B4A-11D0-8D11-00A0C91BC942}") = "ABC111", "ABC111\ABC111.vcxproj", "{537919D7-0DBC-4028-BB90-003294961432}"
EndProject
Project("{8BC9CEB8-8B4A-11D0-8D11-00A0C91BC942}") = "ABC110", "ABC110\ABC110.vcxproj", "{9E88A068-9DE0-45B1-8711-77785D7674CF}"
EndProject
Project("{8BC9CEB8-8B4A-11D0-8D11-00A0C91BC942}") = "ABC109", "ABC109\ABC109.vcxproj", "{A9E56161-2900-4F24-982C-9D689F070D77}"
EndProject
Project("{8BC9CEB8-8B4A-11D0-8D11-00A0C91BC942}") = "chokudai_speedrun", "chokudai_speedrun\chokudai_speedrun.vcxproj", "{9268FC0E-67C8-4C3C-9F76-0190CEA978AA}"
EndProject
Project("{8BC9CEB8-8B4A-11D0-8D11-00A0C91BC942}") = "ABC127", "ABC128\ABC128.vcxproj", "{F4A0C8F8-A70B-4A2F-ABD0-E271D83C359D}"
EndProject
Project("{8BC9CEB8-8B4A-11D0-8D11-00A0C91BC942}") = "ABC108", "ABC108\ABC108.vcxproj", "{0FF86674-DBF8-4396-8895-3CF90A268966}"
EndProject
Project("{8BC9CEB8-8B4A-11D0-8D11-00A0C91BC942}") = "ABC128", "ABC128_2\ABC128_2.vcxproj", "{AE2B4A29-2478-483D-86FE-BA35D2737945}"
EndProject
Project("{8BC9CEB8-8B4A-11D0-8D11-00A0C91BC942}") = "ABC107", "ABC107\ABC107.vcxproj", "{290C3554-434E-4AF5-9856-96629389931B}"
EndProject
Project("{8BC9CEB8-8B4A-11D0-8D11-00A0C91BC942}") = "ABC106", "ABC106\ABC106.vcxproj", "{339DAE4A-69CB-4173-9189-3D1F0908610D}"
EndProject
Project("{8BC9CEB8-8B4A-11D0-8D11-00A0C91BC942}") = "ABC105", "ABC105\ABC105.vcxproj", "{DD141878-7154-4A9A-8B09-753BC8DE9226}"
EndProject
Project("{8BC9CEB8-8B4A-11D0-8D11-00A0C91BC942}") = "msolutions", "msolutions\msolutions.vcxproj", "{09495C3E-5438-4079-973E-5A381A13CBA7}"
EndProject
Project("{8BC9CEB8-8B4A-11D0-8D11-00A0C91BC942}") = "AGC34", "AGC34\AGC34.vcxproj", "{D4C7DB5F-7A1A-46BC-A5F3-5736861F661B}"
EndProject
Project("{8BC9CEB8-8B4A-11D0-8D11-00A0C91BC942}") = "ABC104", "ABC104\ABC104.vcxproj", "{244C8A8B-FF07-4355-9DB7-EDE91059DC54}"
EndProject
Project("{8BC9CEB8-8B4A-11D0-8D11-00A0C91BC942}") = "ABC103", "ABC103\ABC103.vcxproj", "{EF74F786-3244-4146-A2A2-BFB0FEC679BF}"
EndProject
Project("{8BC9CEB8-8B4A-11D0-8D11-00A0C91BC942}") = "ABC129", "ABC129\ABC129.vcxproj", "{0AE36877-47A4-4876-AC72-F39C9B4737AA}"
EndProject
Project("{8BC9CEB8-8B4A-11D0-8D11-00A0C91BC942}") = "ABC102", "ABC102\ABC102.vcxproj", "{B35C9FE9-A4A1-4460-AA69-0D8824D3A3FF}"
EndProject
Project("{8BC9CEB8-8B4A-11D0-8D11-00A0C91BC942}") = "diverta2", "diverta2\diverta2.vcxproj", "{D7D33C4A-F267-48AF-96F1-64341119A8BE}"
EndProject
Project("{8BC9CEB8-8B4A-11D0-8D11-00A0C91BC942}") = "ABC130", "ABC130\ABC130.vcxproj", "{37A26FAB-F95C-4E11-97EE-AA5603EB26E8}"
EndProject
Project("{8BC9CEB8-8B4A-11D0-8D11-00A0C91BC942}") = "ABC101", "ABC101\ABC101.vcxproj", "{5FE581F7-7D90-4243-89FF-9A15113629D8}"
EndProject
Project("{8BC9CEB8-8B4A-11D0-8D11-00A0C91BC942}") = "ABC100", "A\A.vcxproj", "{32F3B6D3-79B1-4F65-952F-3AAEB99805B3}"
EndProject
Project("{8BC9CEB8-8B4A-11D0-8D11-00A0C91BC942}") = "ABC131", "ABC131\ABC131.vcxproj", "{0391C3A5-5DAB-4F01-8E0F-7733B7747EAA}"
EndProject
Project("{8BC9CEB8-8B4A-11D0-8D11-00A0C91BC942}") = "ABC99", "ABC99\ABC99.vcxproj", "{63F95174-F62D-428F-8C88-60AE70841D59}"
EndProject
Project("{8BC9CEB8-8B4A-11D0-8D11-00A0C91BC942}") = "ABC98", "ABC98\ABC98.vcxproj", "{73343686-899D-4045-8FE0-0B51FB37EF86}"
EndProject
Project("{8BC9CEB8-8B4A-11D0-8D11-00A0C91BC942}") = "ABC97", "ABC97\ABC97.vcxproj", "{C0B32D91-4D23-4342-BE62-5F68A6DDDF81}"
EndProject
Project("{8BC9CEB8-8B4A-11D0-8D11-00A0C91BC942}") = "ABC95", "ABC95\ABC95.vcxproj", "{BB1230C7-DF30-4D77-8099-A9FEE4CBD525}"
EndProject
Project("{8BC9CEB8-8B4A-11D0-8D11-00A0C91BC942}") = "ABC96", "ABC96\ABC96.vcxproj", "{BB03B2D5-3A5A-4C3F-AC51-3804E64DA7BE}"
EndProject
Project("{8BC9CEB8-8B4A-11D0-8D11-00A0C91BC942}") = "ABC132", "ABC132\ABC132.vcxproj", "{B48DF7B5-F852-4061-8D2E-6686C7D7FE0C}"
EndProject
Project("{8BC9CEB8-8B4A-11D0-8D11-00A0C91BC942}") = "ABC94", "ABC94\ABC94.vcxproj", "{DDAE32CD-7351-4EB2-BD2F-53D9150D1898}"
EndProject
Project("{8BC9CEB8-8B4A-11D0-8D11-00A0C91BC942}") = "ABC93", "ABC93\ABC93.vcxproj", "{85313B40-2C9E-4B09-9AC8-61CC5FBDFF79}"
EndProject
Project("{8BC9CEB8-8B4A-11D0-8D11-00A0C91BC942}") = "ABC133", "ABC133\ABC133.vcxproj", "{7CA3CBE4-80A1-4F68-A46F-2E5251BFB5F3}"
EndProject
Project("{8BC9CEB8-8B4A-11D0-8D11-00A0C91BC942}") = "ABC92", "ABC92\ABC92.vcxproj", "{57906B9C-90D0-44F9-B3F3-023301897322}"
EndProject
Project("{8BC9CEB8-8B4A-11D0-8D11-00A0C91BC942}") = "ABC91", "ABC91\ABC91.vcxproj", "{5A0DB3DE-A068-4795-BEFE-1447A5D68DCC}"
EndProject
Global
	GlobalSection(SolutionConfigurationPlatforms) = preSolution
		Debug|x64 = Debug|x64
		Debug|x86 = Debug|x86
		Release|x64 = Release|x64
		Release|x86 = Release|x86
	EndGlobalSection
	GlobalSection(ProjectConfigurationPlatforms) = postSolution
		{6DE46D37-CA7D-483C-BE93-5601D158D575}.Debug|x64.ActiveCfg = Debug|x64
		{6DE46D37-CA7D-483C-BE93-5601D158D575}.Debug|x64.Build.0 = Debug|x64
		{6DE46D37-CA7D-483C-BE93-5601D158D575}.Debug|x86.ActiveCfg = Debug|Win32
		{6DE46D37-CA7D-483C-BE93-5601D158D575}.Debug|x86.Build.0 = Debug|Win32
		{6DE46D37-CA7D-483C-BE93-5601D158D575}.Release|x64.ActiveCfg = Release|x64
		{6DE46D37-CA7D-483C-BE93-5601D158D575}.Release|x64.Build.0 = Release|x64
		{6DE46D37-CA7D-483C-BE93-5601D158D575}.Release|x86.ActiveCfg = Release|Win32
		{6DE46D37-CA7D-483C-BE93-5601D158D575}.Release|x86.Build.0 = Release|Win32
		{E5D1CEDD-713B-4874-BAAF-DA7E477D6DA0}.Debug|x64.ActiveCfg = Debug|x64
		{E5D1CEDD-713B-4874-BAAF-DA7E477D6DA0}.Debug|x64.Build.0 = Debug|x64
		{E5D1CEDD-713B-4874-BAAF-DA7E477D6DA0}.Debug|x86.ActiveCfg = Debug|Win32
		{E5D1CEDD-713B-4874-BAAF-DA7E477D6DA0}.Debug|x86.Build.0 = Debug|Win32
		{E5D1CEDD-713B-4874-BAAF-DA7E477D6DA0}.Release|x64.ActiveCfg = Release|x64
		{E5D1CEDD-713B-4874-BAAF-DA7E477D6DA0}.Release|x64.Build.0 = Release|x64
		{E5D1CEDD-713B-4874-BAAF-DA7E477D6DA0}.Release|x86.ActiveCfg = Release|Win32
		{E5D1CEDD-713B-4874-BAAF-DA7E477D6DA0}.Release|x86.Build.0 = Release|Win32
		{95BD7156-B2B4-476F-BFCC-1B6FD969CD80}.Debug|x64.ActiveCfg = Debug|x64
		{95BD7156-B2B4-476F-BFCC-1B6FD969CD80}.Debug|x64.Build.0 = Debug|x64
		{95BD7156-B2B4-476F-BFCC-1B6FD969CD80}.Debug|x86.ActiveCfg = Debug|Win32
		{95BD7156-B2B4-476F-BFCC-1B6FD969CD80}.Debug|x86.Build.0 = Debug|Win32
		{95BD7156-B2B4-476F-BFCC-1B6FD969CD80}.Release|x64.ActiveCfg = Release|x64
		{95BD7156-B2B4-476F-BFCC-1B6FD969CD80}.Release|x64.Build.0 = Release|x64
		{95BD7156-B2B4-476F-BFCC-1B6FD969CD80}.Release|x86.ActiveCfg = Release|Win32
		{95BD7156-B2B4-476F-BFCC-1B6FD969CD80}.Release|x86.Build.0 = Release|Win32
		{D2892D73-705F-4E7D-95F6-CBC36FF504EE}.Debug|x64.ActiveCfg = Debug|x64
		{D2892D73-705F-4E7D-95F6-CBC36FF504EE}.Debug|x64.Build.0 = Debug|x64
		{D2892D73-705F-4E7D-95F6-CBC36FF504EE}.Debug|x86.ActiveCfg = Debug|Win32
		{D2892D73-705F-4E7D-95F6-CBC36FF504EE}.Debug|x86.Build.0 = Debug|Win32
		{D2892D73-705F-4E7D-95F6-CBC36FF504EE}.Release|x64.ActiveCfg = Release|x64
		{D2892D73-705F-4E7D-95F6-CBC36FF504EE}.Release|x64.Build.0 = Release|x64
		{D2892D73-705F-4E7D-95F6-CBC36FF504EE}.Release|x86.ActiveCfg = Release|Win32
		{D2892D73-705F-4E7D-95F6-CBC36FF504EE}.Release|x86.Build.0 = Release|Win32
		{467B07B5-E8F2-4E32-A1A8-9EF5CF9E6117}.Debug|x64.ActiveCfg = Debug|x64
		{467B07B5-E8F2-4E32-A1A8-9EF5CF9E6117}.Debug|x64.Build.0 = Debug|x64
		{467B07B5-E8F2-4E32-A1A8-9EF5CF9E6117}.Debug|x86.ActiveCfg = Debug|Win32
		{467B07B5-E8F2-4E32-A1A8-9EF5CF9E6117}.Debug|x86.Build.0 = Debug|Win32
		{467B07B5-E8F2-4E32-A1A8-9EF5CF9E6117}.Release|x64.ActiveCfg = Release|x64
		{467B07B5-E8F2-4E32-A1A8-9EF5CF9E6117}.Release|x64.Build.0 = Release|x64
		{467B07B5-E8F2-4E32-A1A8-9EF5CF9E6117}.Release|x86.ActiveCfg = Release|Win32
		{467B07B5-E8F2-4E32-A1A8-9EF5CF9E6117}.Release|x86.Build.0 = Release|Win32
		{8B7BF3DF-E89E-463C-95EA-98C67EF0AD5D}.Debug|x64.ActiveCfg = Debug|x64
		{8B7BF3DF-E89E-463C-95EA-98C67EF0AD5D}.Debug|x64.Build.0 = Debug|x64
		{8B7BF3DF-E89E-463C-95EA-98C67EF0AD5D}.Debug|x86.ActiveCfg = Debug|Win32
		{8B7BF3DF-E89E-463C-95EA-98C67EF0AD5D}.Debug|x86.Build.0 = Debug|Win32
		{8B7BF3DF-E89E-463C-95EA-98C67EF0AD5D}.Release|x64.ActiveCfg = Release|x64
		{8B7BF3DF-E89E-463C-95EA-98C67EF0AD5D}.Release|x64.Build.0 = Release|x64
		{8B7BF3DF-E89E-463C-95EA-98C67EF0AD5D}.Release|x86.ActiveCfg = Release|Win32
		{8B7BF3DF-E89E-463C-95EA-98C67EF0AD5D}.Release|x86.Build.0 = Release|Win32
		{6D7C3FB7-0709-4F79-9B53-F365170404ED}.Debug|x64.ActiveCfg = Debug|x64
		{6D7C3FB7-0709-4F79-9B53-F365170404ED}.Debug|x64.Build.0 = Debug|x64
		{6D7C3FB7-0709-4F79-9B53-F365170404ED}.Debug|x86.ActiveCfg = Debug|Win32
		{6D7C3FB7-0709-4F79-9B53-F365170404ED}.Debug|x86.Build.0 = Debug|Win32
		{6D7C3FB7-0709-4F79-9B53-F365170404ED}.Release|x64.ActiveCfg = Release|x64
		{6D7C3FB7-0709-4F79-9B53-F365170404ED}.Release|x64.Build.0 = Release|x64
		{6D7C3FB7-0709-4F79-9B53-F365170404ED}.Release|x86.ActiveCfg = Release|Win32
		{6D7C3FB7-0709-4F79-9B53-F365170404ED}.Release|x86.Build.0 = Release|Win32
		{43A27C2A-CFC3-4DF5-84F7-CA46114D53B7}.Debug|x64.ActiveCfg = Debug|x64
		{43A27C2A-CFC3-4DF5-84F7-CA46114D53B7}.Debug|x64.Build.0 = Debug|x64
		{43A27C2A-CFC3-4DF5-84F7-CA46114D53B7}.Debug|x86.ActiveCfg = Debug|Win32
		{43A27C2A-CFC3-4DF5-84F7-CA46114D53B7}.Debug|x86.Build.0 = Debug|Win32
		{43A27C2A-CFC3-4DF5-84F7-CA46114D53B7}.Release|x64.ActiveCfg = Release|x64
		{43A27C2A-CFC3-4DF5-84F7-CA46114D53B7}.Release|x64.Build.0 = Release|x64
		{43A27C2A-CFC3-4DF5-84F7-CA46114D53B7}.Release|x86.ActiveCfg = Release|Win32
		{43A27C2A-CFC3-4DF5-84F7-CA46114D53B7}.Release|x86.Build.0 = Release|Win32
		{9047648F-CE5B-42A8-AC34-9A6D682DD43E}.Debug|x64.ActiveCfg = Debug|x64
		{9047648F-CE5B-42A8-AC34-9A6D682DD43E}.Debug|x64.Build.0 = Debug|x64
		{9047648F-CE5B-42A8-AC34-9A6D682DD43E}.Debug|x86.ActiveCfg = Debug|Win32
		{9047648F-CE5B-42A8-AC34-9A6D682DD43E}.Debug|x86.Build.0 = Debug|Win32
		{9047648F-CE5B-42A8-AC34-9A6D682DD43E}.Release|x64.ActiveCfg = Release|x64
		{9047648F-CE5B-42A8-AC34-9A6D682DD43E}.Release|x64.Build.0 = Release|x64
		{9047648F-CE5B-42A8-AC34-9A6D682DD43E}.Release|x86.ActiveCfg = Release|Win32
		{9047648F-CE5B-42A8-AC34-9A6D682DD43E}.Release|x86.Build.0 = Release|Win32
		{F562CE05-79A3-4805-A6B0-F8B63AE1A701}.Debug|x64.ActiveCfg = Debug|x64
		{F562CE05-79A3-4805-A6B0-F8B63AE1A701}.Debug|x64.Build.0 = Debug|x64
		{F562CE05-79A3-4805-A6B0-F8B63AE1A701}.Debug|x86.ActiveCfg = Debug|Win32
		{F562CE05-79A3-4805-A6B0-F8B63AE1A701}.Debug|x86.Build.0 = Debug|Win32
		{F562CE05-79A3-4805-A6B0-F8B63AE1A701}.Release|x64.ActiveCfg = Release|x64
		{F562CE05-79A3-4805-A6B0-F8B63AE1A701}.Release|x64.Build.0 = Release|x64
		{F562CE05-79A3-4805-A6B0-F8B63AE1A701}.Release|x86.ActiveCfg = Release|Win32
		{F562CE05-79A3-4805-A6B0-F8B63AE1A701}.Release|x86.Build.0 = Release|Win32
		{AEF73FF7-7CDD-4656-9477-F76EC48FF411}.Debug|x64.ActiveCfg = Debug|x64
		{AEF73FF7-7CDD-4656-9477-F76EC48FF411}.Debug|x64.Build.0 = Debug|x64
		{AEF73FF7-7CDD-4656-9477-F76EC48FF411}.Debug|x86.ActiveCfg = Debug|Win32
		{AEF73FF7-7CDD-4656-9477-F76EC48FF411}.Debug|x86.Build.0 = Debug|Win32
		{AEF73FF7-7CDD-4656-9477-F76EC48FF411}.Release|x64.ActiveCfg = Release|x64
		{AEF73FF7-7CDD-4656-9477-F76EC48FF411}.Release|x64.Build.0 = Release|x64
		{AEF73FF7-7CDD-4656-9477-F76EC48FF411}.Release|x86.ActiveCfg = Release|Win32
		{AEF73FF7-7CDD-4656-9477-F76EC48FF411}.Release|x86.Build.0 = Release|Win32
		{10FD3BF8-3D5E-4F1E-9A8D-346782CACD07}.Debug|x64.ActiveCfg = Debug|x64
		{10FD3BF8-3D5E-4F1E-9A8D-346782CACD07}.Debug|x64.Build.0 = Debug|x64
		{10FD3BF8-3D5E-4F1E-9A8D-346782CACD07}.Debug|x86.ActiveCfg = Debug|Win32
		{10FD3BF8-3D5E-4F1E-9A8D-346782CACD07}.Debug|x86.Build.0 = Debug|Win32
		{10FD3BF8-3D5E-4F1E-9A8D-346782CACD07}.Release|x64.ActiveCfg = Release|x64
		{10FD3BF8-3D5E-4F1E-9A8D-346782CACD07}.Release|x64.Build.0 = Release|x64
		{10FD3BF8-3D5E-4F1E-9A8D-346782CACD07}.Release|x86.ActiveCfg = Release|Win32
		{10FD3BF8-3D5E-4F1E-9A8D-346782CACD07}.Release|x86.Build.0 = Release|Win32
		{EBCD9EA3-6DB9-45A9-9848-F572E4CED75D}.Debug|x64.ActiveCfg = Debug|x64
		{EBCD9EA3-6DB9-45A9-9848-F572E4CED75D}.Debug|x64.Build.0 = Debug|x64
		{EBCD9EA3-6DB9-45A9-9848-F572E4CED75D}.Debug|x86.ActiveCfg = Debug|Win32
		{EBCD9EA3-6DB9-45A9-9848-F572E4CED75D}.Debug|x86.Build.0 = Debug|Win32
		{EBCD9EA3-6DB9-45A9-9848-F572E4CED75D}.Release|x64.ActiveCfg = Release|x64
		{EBCD9EA3-6DB9-45A9-9848-F572E4CED75D}.Release|x64.Build.0 = Release|x64
		{EBCD9EA3-6DB9-45A9-9848-F572E4CED75D}.Release|x86.ActiveCfg = Release|Win32
		{EBCD9EA3-6DB9-45A9-9848-F572E4CED75D}.Release|x86.Build.0 = Release|Win32
		{E2B4C56C-494F-41A0-B229-89C4F8552A11}.Debug|x64.ActiveCfg = Debug|x64
		{E2B4C56C-494F-41A0-B229-89C4F8552A11}.Debug|x64.Build.0 = Debug|x64
		{E2B4C56C-494F-41A0-B229-89C4F8552A11}.Debug|x86.ActiveCfg = Debug|Win32
		{E2B4C56C-494F-41A0-B229-89C4F8552A11}.Debug|x86.Build.0 = Debug|Win32
		{E2B4C56C-494F-41A0-B229-89C4F8552A11}.Release|x64.ActiveCfg = Release|x64
		{E2B4C56C-494F-41A0-B229-89C4F8552A11}.Release|x64.Build.0 = Release|x64
		{E2B4C56C-494F-41A0-B229-89C4F8552A11}.Release|x86.ActiveCfg = Release|Win32
		{E2B4C56C-494F-41A0-B229-89C4F8552A11}.Release|x86.Build.0 = Release|Win32
		{C91CEDAA-4A95-47FB-97A7-660FD8F9D4AF}.Debug|x64.ActiveCfg = Debug|x64
		{C91CEDAA-4A95-47FB-97A7-660FD8F9D4AF}.Debug|x64.Build.0 = Debug|x64
		{C91CEDAA-4A95-47FB-97A7-660FD8F9D4AF}.Debug|x86.ActiveCfg = Debug|Win32
		{C91CEDAA-4A95-47FB-97A7-660FD8F9D4AF}.Debug|x86.Build.0 = Debug|Win32
		{C91CEDAA-4A95-47FB-97A7-660FD8F9D4AF}.Release|x64.ActiveCfg = Release|x64
		{C91CEDAA-4A95-47FB-97A7-660FD8F9D4AF}.Release|x64.Build.0 = Release|x64
		{C91CEDAA-4A95-47FB-97A7-660FD8F9D4AF}.Release|x86.ActiveCfg = Release|Win32
		{C91CEDAA-4A95-47FB-97A7-660FD8F9D4AF}.Release|x86.Build.0 = Release|Win32
		{744909EF-2F4F-444F-BB0C-49A678DBB300}.Debug|x64.ActiveCfg = Debug|x64
		{744909EF-2F4F-444F-BB0C-49A678DBB300}.Debug|x64.Build.0 = Debug|x64
		{744909EF-2F4F-444F-BB0C-49A678DBB300}.Debug|x86.ActiveCfg = Debug|Win32
		{744909EF-2F4F-444F-BB0C-49A678DBB300}.Debug|x86.Build.0 = Debug|Win32
		{744909EF-2F4F-444F-BB0C-49A678DBB300}.Release|x64.ActiveCfg = Release|x64
		{744909EF-2F4F-444F-BB0C-49A678DBB300}.Release|x64.Build.0 = Release|x64
		{744909EF-2F4F-444F-BB0C-49A678DBB300}.Release|x86.ActiveCfg = Release|Win32
		{744909EF-2F4F-444F-BB0C-49A678DBB300}.Release|x86.Build.0 = Release|Win32
		{C87ECA79-0691-42A3-88A4-CBA81A47FA24}.Debug|x64.ActiveCfg = Debug|x64
		{C87ECA79-0691-42A3-88A4-CBA81A47FA24}.Debug|x64.Build.0 = Debug|x64
		{C87ECA79-0691-42A3-88A4-CBA81A47FA24}.Debug|x86.ActiveCfg = Debug|Win32
		{C87ECA79-0691-42A3-88A4-CBA81A47FA24}.Debug|x86.Build.0 = Debug|Win32
		{C87ECA79-0691-42A3-88A4-CBA81A47FA24}.Release|x64.ActiveCfg = Release|x64
		{C87ECA79-0691-42A3-88A4-CBA81A47FA24}.Release|x64.Build.0 = Release|x64
		{C87ECA79-0691-42A3-88A4-CBA81A47FA24}.Release|x86.ActiveCfg = Release|Win32
		{C87ECA79-0691-42A3-88A4-CBA81A47FA24}.Release|x86.Build.0 = Release|Win32
		{F1121262-9477-4CA4-A350-B1F31A4DADD5}.Debug|x64.ActiveCfg = Debug|x64
		{F1121262-9477-4CA4-A350-B1F31A4DADD5}.Debug|x64.Build.0 = Debug|x64
		{F1121262-9477-4CA4-A350-B1F31A4DADD5}.Debug|x86.ActiveCfg = Debug|Win32
		{F1121262-9477-4CA4-A350-B1F31A4DADD5}.Debug|x86.Build.0 = Debug|Win32
		{F1121262-9477-4CA4-A350-B1F31A4DADD5}.Release|x64.ActiveCfg = Release|x64
		{F1121262-9477-4CA4-A350-B1F31A4DADD5}.Release|x64.Build.0 = Release|x64
		{F1121262-9477-4CA4-A350-B1F31A4DADD5}.Release|x86.ActiveCfg = Release|Win32
		{F1121262-9477-4CA4-A350-B1F31A4DADD5}.Release|x86.Build.0 = Release|Win32
		{81E01B7F-7B58-49C0-A652-731638FC8AA3}.Debug|x64.ActiveCfg = Debug|x64
		{81E01B7F-7B58-49C0-A652-731638FC8AA3}.Debug|x64.Build.0 = Debug|x64
		{81E01B7F-7B58-49C0-A652-731638FC8AA3}.Debug|x86.ActiveCfg = Debug|Win32
		{81E01B7F-7B58-49C0-A652-731638FC8AA3}.Debug|x86.Build.0 = Debug|Win32
		{81E01B7F-7B58-49C0-A652-731638FC8AA3}.Release|x64.ActiveCfg = Release|x64
		{81E01B7F-7B58-49C0-A652-731638FC8AA3}.Release|x64.Build.0 = Release|x64
		{81E01B7F-7B58-49C0-A652-731638FC8AA3}.Release|x86.ActiveCfg = Release|Win32
		{81E01B7F-7B58-49C0-A652-731638FC8AA3}.Release|x86.Build.0 = Release|Win32
		{EC8DEBBE-BCEB-4D01-AC49-4910DF81EA01}.Debug|x64.ActiveCfg = Debug|x64
		{EC8DEBBE-BCEB-4D01-AC49-4910DF81EA01}.Debug|x64.Build.0 = Debug|x64
		{EC8DEBBE-BCEB-4D01-AC49-4910DF81EA01}.Debug|x86.ActiveCfg = Debug|Win32
		{EC8DEBBE-BCEB-4D01-AC49-4910DF81EA01}.Debug|x86.Build.0 = Debug|Win32
		{EC8DEBBE-BCEB-4D01-AC49-4910DF81EA01}.Release|x64.ActiveCfg = Release|x64
		{EC8DEBBE-BCEB-4D01-AC49-4910DF81EA01}.Release|x64.Build.0 = Release|x64
		{EC8DEBBE-BCEB-4D01-AC49-4910DF81EA01}.Release|x86.ActiveCfg = Release|Win32
		{EC8DEBBE-BCEB-4D01-AC49-4910DF81EA01}.Release|x86.Build.0 = Release|Win32
		{A5641DF0-52C7-401F-8535-8348ECCAAF81}.Debug|x64.ActiveCfg = Debug|x64
		{A5641DF0-52C7-401F-8535-8348ECCAAF81}.Debug|x64.Build.0 = Debug|x64
		{A5641DF0-52C7-401F-8535-8348ECCAAF81}.Debug|x86.ActiveCfg = Debug|Win32
		{A5641DF0-52C7-401F-8535-8348ECCAAF81}.Debug|x86.Build.0 = Debug|Win32
		{A5641DF0-52C7-401F-8535-8348ECCAAF81}.Release|x64.ActiveCfg = Release|x64
		{A5641DF0-52C7-401F-8535-8348ECCAAF81}.Release|x64.Build.0 = Release|x64
		{A5641DF0-52C7-401F-8535-8348ECCAAF81}.Release|x86.ActiveCfg = Release|Win32
		{A5641DF0-52C7-401F-8535-8348ECCAAF81}.Release|x86.Build.0 = Release|Win32
		{2AA6912B-AC70-475A-A463-3240883CF67C}.Debug|x64.ActiveCfg = Debug|x64
		{2AA6912B-AC70-475A-A463-3240883CF67C}.Debug|x64.Build.0 = Debug|x64
		{2AA6912B-AC70-475A-A463-3240883CF67C}.Debug|x86.ActiveCfg = Debug|Win32
		{2AA6912B-AC70-475A-A463-3240883CF67C}.Debug|x86.Build.0 = Debug|Win32
		{2AA6912B-AC70-475A-A463-3240883CF67C}.Release|x64.ActiveCfg = Release|x64
		{2AA6912B-AC70-475A-A463-3240883CF67C}.Release|x64.Build.0 = Release|x64
		{2AA6912B-AC70-475A-A463-3240883CF67C}.Release|x86.ActiveCfg = Release|Win32
		{2AA6912B-AC70-475A-A463-3240883CF67C}.Release|x86.Build.0 = Release|Win32
		{55911F3C-933A-493D-9189-28D5E2A7D372}.Debug|x64.ActiveCfg = Debug|x64
		{55911F3C-933A-493D-9189-28D5E2A7D372}.Debug|x64.Build.0 = Debug|x64
		{55911F3C-933A-493D-9189-28D5E2A7D372}.Debug|x86.ActiveCfg = Debug|Win32
		{55911F3C-933A-493D-9189-28D5E2A7D372}.Debug|x86.Build.0 = Debug|Win32
		{55911F3C-933A-493D-9189-28D5E2A7D372}.Release|x64.ActiveCfg = Release|x64
		{55911F3C-933A-493D-9189-28D5E2A7D372}.Release|x64.Build.0 = Release|x64
		{55911F3C-933A-493D-9189-28D5E2A7D372}.Release|x86.ActiveCfg = Release|Win32
		{55911F3C-933A-493D-9189-28D5E2A7D372}.Release|x86.Build.0 = Release|Win32
		{47A67EEF-46B0-438D-9DFC-D143B88277F0}.Debug|x64.ActiveCfg = Debug|x64
		{47A67EEF-46B0-438D-9DFC-D143B88277F0}.Debug|x64.Build.0 = Debug|x64
		{47A67EEF-46B0-438D-9DFC-D143B88277F0}.Debug|x86.ActiveCfg = Debug|Win32
		{47A67EEF-46B0-438D-9DFC-D143B88277F0}.Debug|x86.Build.0 = Debug|Win32
		{47A67EEF-46B0-438D-9DFC-D143B88277F0}.Release|x64.ActiveCfg = Release|x64
		{47A67EEF-46B0-438D-9DFC-D143B88277F0}.Release|x64.Build.0 = Release|x64
		{47A67EEF-46B0-438D-9DFC-D143B88277F0}.Release|x86.ActiveCfg = Release|Win32
		{47A67EEF-46B0-438D-9DFC-D143B88277F0}.Release|x86.Build.0 = Release|Win32
		{429F8DDB-7A4F-4F8F-BC67-7386F76DF49B}.Debug|x64.ActiveCfg = Debug|x64
		{429F8DDB-7A4F-4F8F-BC67-7386F76DF49B}.Debug|x64.Build.0 = Debug|x64
		{429F8DDB-7A4F-4F8F-BC67-7386F76DF49B}.Debug|x86.ActiveCfg = Debug|Win32
		{429F8DDB-7A4F-4F8F-BC67-7386F76DF49B}.Debug|x86.Build.0 = Debug|Win32
		{429F8DDB-7A4F-4F8F-BC67-7386F76DF49B}.Release|x64.ActiveCfg = Release|x64
		{429F8DDB-7A4F-4F8F-BC67-7386F76DF49B}.Release|x64.Build.0 = Release|x64
		{429F8DDB-7A4F-4F8F-BC67-7386F76DF49B}.Release|x86.ActiveCfg = Release|Win32
		{429F8DDB-7A4F-4F8F-BC67-7386F76DF49B}.Release|x86.Build.0 = Release|Win32
		{68850AEE-9B08-43E9-B9E1-DD38CA3EA258}.Debug|x64.ActiveCfg = Debug|x64
		{68850AEE-9B08-43E9-B9E1-DD38CA3EA258}.Debug|x64.Build.0 = Debug|x64
		{68850AEE-9B08-43E9-B9E1-DD38CA3EA258}.Debug|x86.ActiveCfg = Debug|Win32
		{68850AEE-9B08-43E9-B9E1-DD38CA3EA258}.Debug|x86.Build.0 = Debug|Win32
		{68850AEE-9B08-43E9-B9E1-DD38CA3EA258}.Release|x64.ActiveCfg = Release|x64
		{68850AEE-9B08-43E9-B9E1-DD38CA3EA258}.Release|x64.Build.0 = Release|x64
		{68850AEE-9B08-43E9-B9E1-DD38CA3EA258}.Release|x86.ActiveCfg = Release|Win32
		{68850AEE-9B08-43E9-B9E1-DD38CA3EA258}.Release|x86.Build.0 = Release|Win32
		{F548AD08-4E2B-468A-AB24-34518E5F9F10}.Debug|x64.ActiveCfg = Debug|x64
		{F548AD08-4E2B-468A-AB24-34518E5F9F10}.Debug|x64.Build.0 = Debug|x64
		{F548AD08-4E2B-468A-AB24-34518E5F9F10}.Debug|x86.ActiveCfg = Debug|Win32
		{F548AD08-4E2B-468A-AB24-34518E5F9F10}.Debug|x86.Build.0 = Debug|Win32
		{F548AD08-4E2B-468A-AB24-34518E5F9F10}.Release|x64.ActiveCfg = Release|x64
		{F548AD08-4E2B-468A-AB24-34518E5F9F10}.Release|x64.Build.0 = Release|x64
		{F548AD08-4E2B-468A-AB24-34518E5F9F10}.Release|x86.ActiveCfg = Release|Win32
		{F548AD08-4E2B-468A-AB24-34518E5F9F10}.Release|x86.Build.0 = Release|Win32
		{8CA485A1-D046-4433-94DC-A2CB4CDE1D52}.Debug|x64.ActiveCfg = Debug|x64
		{8CA485A1-D046-4433-94DC-A2CB4CDE1D52}.Debug|x64.Build.0 = Debug|x64
		{8CA485A1-D046-4433-94DC-A2CB4CDE1D52}.Debug|x86.ActiveCfg = Debug|Win32
		{8CA485A1-D046-4433-94DC-A2CB4CDE1D52}.Debug|x86.Build.0 = Debug|Win32
		{8CA485A1-D046-4433-94DC-A2CB4CDE1D52}.Release|x64.ActiveCfg = Release|x64
		{8CA485A1-D046-4433-94DC-A2CB4CDE1D52}.Release|x64.Build.0 = Release|x64
		{8CA485A1-D046-4433-94DC-A2CB4CDE1D52}.Release|x86.ActiveCfg = Release|Win32
		{8CA485A1-D046-4433-94DC-A2CB4CDE1D52}.Release|x86.Build.0 = Release|Win32
		{343A4D8B-743C-4337-878A-122746B10239}.Debug|x64.ActiveCfg = Debug|x64
		{343A4D8B-743C-4337-878A-122746B10239}.Debug|x64.Build.0 = Debug|x64
		{343A4D8B-743C-4337-878A-122746B10239}.Debug|x86.ActiveCfg = Debug|Win32
		{343A4D8B-743C-4337-878A-122746B10239}.Debug|x86.Build.0 = Debug|Win32
		{343A4D8B-743C-4337-878A-122746B10239}.Release|x64.ActiveCfg = Release|x64
		{343A4D8B-743C-4337-878A-122746B10239}.Release|x64.Build.0 = Release|x64
		{343A4D8B-743C-4337-878A-122746B10239}.Release|x86.ActiveCfg = Release|Win32
		{343A4D8B-743C-4337-878A-122746B10239}.Release|x86.Build.0 = Release|Win32
		{623C21E5-0F2D-468A-B6DC-D39FECAB4F31}.Debug|x64.ActiveCfg = Debug|x64
		{623C21E5-0F2D-468A-B6DC-D39FECAB4F31}.Debug|x64.Build.0 = Debug|x64
		{623C21E5-0F2D-468A-B6DC-D39FECAB4F31}.Debug|x86.ActiveCfg = Debug|Win32
		{623C21E5-0F2D-468A-B6DC-D39FECAB4F31}.Debug|x86.Build.0 = Debug|Win32
		{623C21E5-0F2D-468A-B6DC-D39FECAB4F31}.Release|x64.ActiveCfg = Release|x64
		{623C21E5-0F2D-468A-B6DC-D39FECAB4F31}.Release|x64.Build.0 = Release|x64
		{623C21E5-0F2D-468A-B6DC-D39FECAB4F31}.Release|x86.ActiveCfg = Release|Win32
		{623C21E5-0F2D-468A-B6DC-D39FECAB4F31}.Release|x86.Build.0 = Release|Win32
		{7A10F743-0359-4BD0-8F32-CC95503E825F}.Debug|x64.ActiveCfg = Debug|x64
		{7A10F743-0359-4BD0-8F32-CC95503E825F}.Debug|x64.Build.0 = Debug|x64
		{7A10F743-0359-4BD0-8F32-CC95503E825F}.Debug|x86.ActiveCfg = Debug|Win32
		{7A10F743-0359-4BD0-8F32-CC95503E825F}.Debug|x86.Build.0 = Debug|Win32
		{7A10F743-0359-4BD0-8F32-CC95503E825F}.Release|x64.ActiveCfg = Release|x64
		{7A10F743-0359-4BD0-8F32-CC95503E825F}.Release|x64.Build.0 = Release|x64
		{7A10F743-0359-4BD0-8F32-CC95503E825F}.Release|x86.ActiveCfg = Release|Win32
		{7A10F743-0359-4BD0-8F32-CC95503E825F}.Release|x86.Build.0 = Release|Win32
		{F33C235A-94E0-4B44-9406-F2CFE8103B9B}.Debug|x64.ActiveCfg = Debug|x64
		{F33C235A-94E0-4B44-9406-F2CFE8103B9B}.Debug|x64.Build.0 = Debug|x64
		{F33C235A-94E0-4B44-9406-F2CFE8103B9B}.Debug|x86.ActiveCfg = Debug|Win32
		{F33C235A-94E0-4B44-9406-F2CFE8103B9B}.Debug|x86.Build.0 = Debug|Win32
		{F33C235A-94E0-4B44-9406-F2CFE8103B9B}.Release|x64.ActiveCfg = Release|x64
		{F33C235A-94E0-4B44-9406-F2CFE8103B9B}.Release|x64.Build.0 = Release|x64
		{F33C235A-94E0-4B44-9406-F2CFE8103B9B}.Release|x86.ActiveCfg = Release|Win32
		{F33C235A-94E0-4B44-9406-F2CFE8103B9B}.Release|x86.Build.0 = Release|Win32
		{EDE1BBD7-BCC9-4412-83DD-891BE8515C5E}.Debug|x64.ActiveCfg = Debug|x64
		{EDE1BBD7-BCC9-4412-83DD-891BE8515C5E}.Debug|x64.Build.0 = Debug|x64
		{EDE1BBD7-BCC9-4412-83DD-891BE8515C5E}.Debug|x86.ActiveCfg = Debug|Win32
		{EDE1BBD7-BCC9-4412-83DD-891BE8515C5E}.Debug|x86.Build.0 = Debug|Win32
		{EDE1BBD7-BCC9-4412-83DD-891BE8515C5E}.Release|x64.ActiveCfg = Release|x64
		{EDE1BBD7-BCC9-4412-83DD-891BE8515C5E}.Release|x64.Build.0 = Release|x64
		{EDE1BBD7-BCC9-4412-83DD-891BE8515C5E}.Release|x86.ActiveCfg = Release|Win32
		{EDE1BBD7-BCC9-4412-83DD-891BE8515C5E}.Release|x86.Build.0 = Release|Win32
		{C5C4DB80-222A-43BA-A8CA-AF8C32105C0F}.Debug|x64.ActiveCfg = Debug|x64
		{C5C4DB80-222A-43BA-A8CA-AF8C32105C0F}.Debug|x64.Build.0 = Debug|x64
		{C5C4DB80-222A-43BA-A8CA-AF8C32105C0F}.Debug|x86.ActiveCfg = Debug|Win32
		{C5C4DB80-222A-43BA-A8CA-AF8C32105C0F}.Debug|x86.Build.0 = Debug|Win32
		{C5C4DB80-222A-43BA-A8CA-AF8C32105C0F}.Release|x64.ActiveCfg = Release|x64
		{C5C4DB80-222A-43BA-A8CA-AF8C32105C0F}.Release|x64.Build.0 = Release|x64
		{C5C4DB80-222A-43BA-A8CA-AF8C32105C0F}.Release|x86.ActiveCfg = Release|Win32
		{C5C4DB80-222A-43BA-A8CA-AF8C32105C0F}.Release|x86.Build.0 = Release|Win32
		{CF463CBD-CE01-4F94-8576-EB6A93B94BD8}.Debug|x64.ActiveCfg = Debug|x64
		{CF463CBD-CE01-4F94-8576-EB6A93B94BD8}.Debug|x64.Build.0 = Debug|x64
		{CF463CBD-CE01-4F94-8576-EB6A93B94BD8}.Debug|x86.ActiveCfg = Debug|Win32
		{CF463CBD-CE01-4F94-8576-EB6A93B94BD8}.Debug|x86.Build.0 = Debug|Win32
		{CF463CBD-CE01-4F94-8576-EB6A93B94BD8}.Release|x64.ActiveCfg = Release|x64
		{CF463CBD-CE01-4F94-8576-EB6A93B94BD8}.Release|x64.Build.0 = Release|x64
		{CF463CBD-CE01-4F94-8576-EB6A93B94BD8}.Release|x86.ActiveCfg = Release|Win32
		{CF463CBD-CE01-4F94-8576-EB6A93B94BD8}.Release|x86.Build.0 = Release|Win32
		{B2B9A78F-7981-4A32-BEB0-348D49E1EBD4}.Debug|x64.ActiveCfg = Debug|x64
		{B2B9A78F-7981-4A32-BEB0-348D49E1EBD4}.Debug|x64.Build.0 = Debug|x64
		{B2B9A78F-7981-4A32-BEB0-348D49E1EBD4}.Debug|x86.ActiveCfg = Debug|Win32
		{B2B9A78F-7981-4A32-BEB0-348D49E1EBD4}.Debug|x86.Build.0 = Debug|Win32
		{B2B9A78F-7981-4A32-BEB0-348D49E1EBD4}.Release|x64.ActiveCfg = Release|x64
		{B2B9A78F-7981-4A32-BEB0-348D49E1EBD4}.Release|x64.Build.0 = Release|x64
		{B2B9A78F-7981-4A32-BEB0-348D49E1EBD4}.Release|x86.ActiveCfg = Release|Win32
		{B2B9A78F-7981-4A32-BEB0-348D49E1EBD4}.Release|x86.Build.0 = Release|Win32
		{C736E054-F0E6-460E-BFBE-53F20C4BEC0C}.Debug|x64.ActiveCfg = Debug|x64
		{C736E054-F0E6-460E-BFBE-53F20C4BEC0C}.Debug|x64.Build.0 = Debug|x64
		{C736E054-F0E6-460E-BFBE-53F20C4BEC0C}.Debug|x86.ActiveCfg = Debug|Win32
		{C736E054-F0E6-460E-BFBE-53F20C4BEC0C}.Debug|x86.Build.0 = Debug|Win32
		{C736E054-F0E6-460E-BFBE-53F20C4BEC0C}.Release|x64.ActiveCfg = Release|x64
		{C736E054-F0E6-460E-BFBE-53F20C4BEC0C}.Release|x64.Build.0 = Release|x64
		{C736E054-F0E6-460E-BFBE-53F20C4BEC0C}.Release|x86.ActiveCfg = Release|Win32
		{C736E054-F0E6-460E-BFBE-53F20C4BEC0C}.Release|x86.Build.0 = Release|Win32
		{1B31B497-805C-4AD7-9EA7-83806142B3E8}.Debug|x64.ActiveCfg = Debug|x64
		{1B31B497-805C-4AD7-9EA7-83806142B3E8}.Debug|x64.Build.0 = Debug|x64
		{1B31B497-805C-4AD7-9EA7-83806142B3E8}.Debug|x86.ActiveCfg = Debug|Win32
		{1B31B497-805C-4AD7-9EA7-83806142B3E8}.Debug|x86.Build.0 = Debug|Win32
		{1B31B497-805C-4AD7-9EA7-83806142B3E8}.Release|x64.ActiveCfg = Release|x64
		{1B31B497-805C-4AD7-9EA7-83806142B3E8}.Release|x64.Build.0 = Release|x64
		{1B31B497-805C-4AD7-9EA7-83806142B3E8}.Release|x86.ActiveCfg = Release|Win32
		{1B31B497-805C-4AD7-9EA7-83806142B3E8}.Release|x86.Build.0 = Release|Win32
		{A075A2CF-E835-4B72-A88F-A7739E1334C0}.Debug|x64.ActiveCfg = Debug|x64
		{A075A2CF-E835-4B72-A88F-A7739E1334C0}.Debug|x64.Build.0 = Debug|x64
		{A075A2CF-E835-4B72-A88F-A7739E1334C0}.Debug|x86.ActiveCfg = Debug|Win32
		{A075A2CF-E835-4B72-A88F-A7739E1334C0}.Debug|x86.Build.0 = Debug|Win32
		{A075A2CF-E835-4B72-A88F-A7739E1334C0}.Release|x64.ActiveCfg = Release|x64
		{A075A2CF-E835-4B72-A88F-A7739E1334C0}.Release|x64.Build.0 = Release|x64
		{A075A2CF-E835-4B72-A88F-A7739E1334C0}.Release|x86.ActiveCfg = Release|Win32
		{A075A2CF-E835-4B72-A88F-A7739E1334C0}.Release|x86.Build.0 = Release|Win32
		{C86EE449-9F9A-4E4D-9275-971CFAE70808}.Debug|x64.ActiveCfg = Debug|x64
		{C86EE449-9F9A-4E4D-9275-971CFAE70808}.Debug|x64.Build.0 = Debug|x64
		{C86EE449-9F9A-4E4D-9275-971CFAE70808}.Debug|x86.ActiveCfg = Debug|Win32
		{C86EE449-9F9A-4E4D-9275-971CFAE70808}.Debug|x86.Build.0 = Debug|Win32
		{C86EE449-9F9A-4E4D-9275-971CFAE70808}.Release|x64.ActiveCfg = Release|x64
		{C86EE449-9F9A-4E4D-9275-971CFAE70808}.Release|x64.Build.0 = Release|x64
		{C86EE449-9F9A-4E4D-9275-971CFAE70808}.Release|x86.ActiveCfg = Release|Win32
		{C86EE449-9F9A-4E4D-9275-971CFAE70808}.Release|x86.Build.0 = Release|Win32
		{9DC5285F-4A6D-4595-AD4D-913A3C5107D1}.Debug|x64.ActiveCfg = Debug|x64
		{9DC5285F-4A6D-4595-AD4D-913A3C5107D1}.Debug|x64.Build.0 = Debug|x64
		{9DC5285F-4A6D-4595-AD4D-913A3C5107D1}.Debug|x86.ActiveCfg = Debug|Win32
		{9DC5285F-4A6D-4595-AD4D-913A3C5107D1}.Debug|x86.Build.0 = Debug|Win32
		{9DC5285F-4A6D-4595-AD4D-913A3C5107D1}.Release|x64.ActiveCfg = Release|x64
		{9DC5285F-4A6D-4595-AD4D-913A3C5107D1}.Release|x64.Build.0 = Release|x64
		{9DC5285F-4A6D-4595-AD4D-913A3C5107D1}.Release|x86.ActiveCfg = Release|Win32
		{9DC5285F-4A6D-4595-AD4D-913A3C5107D1}.Release|x86.Build.0 = Release|Win32
		{65C01EDB-48C8-45DF-AE2F-CD6F3B82A1EB}.Debug|x64.ActiveCfg = Debug|x64
		{65C01EDB-48C8-45DF-AE2F-CD6F3B82A1EB}.Debug|x64.Build.0 = Debug|x64
		{65C01EDB-48C8-45DF-AE2F-CD6F3B82A1EB}.Debug|x86.ActiveCfg = Debug|Win32
		{65C01EDB-48C8-45DF-AE2F-CD6F3B82A1EB}.Debug|x86.Build.0 = Debug|Win32
		{65C01EDB-48C8-45DF-AE2F-CD6F3B82A1EB}.Release|x64.ActiveCfg = Release|x64
		{65C01EDB-48C8-45DF-AE2F-CD6F3B82A1EB}.Release|x64.Build.0 = Release|x64
		{65C01EDB-48C8-45DF-AE2F-CD6F3B82A1EB}.Release|x86.ActiveCfg = Release|Win32
		{65C01EDB-48C8-45DF-AE2F-CD6F3B82A1EB}.Release|x86.Build.0 = Release|Win32
		{6268D79C-E171-4F3A-AAF6-5BFE96582565}.Debug|x64.ActiveCfg = Debug|x64
		{6268D79C-E171-4F3A-AAF6-5BFE96582565}.Debug|x64.Build.0 = Debug|x64
		{6268D79C-E171-4F3A-AAF6-5BFE96582565}.Debug|x86.ActiveCfg = Debug|Win32
		{6268D79C-E171-4F3A-AAF6-5BFE96582565}.Debug|x86.Build.0 = Debug|Win32
		{6268D79C-E171-4F3A-AAF6-5BFE96582565}.Release|x64.ActiveCfg = Release|x64
		{6268D79C-E171-4F3A-AAF6-5BFE96582565}.Release|x64.Build.0 = Release|x64
		{6268D79C-E171-4F3A-AAF6-5BFE96582565}.Release|x86.ActiveCfg = Release|Win32
		{6268D79C-E171-4F3A-AAF6-5BFE96582565}.Release|x86.Build.0 = Release|Win32
		{27EEE192-3157-47C2-B01A-F999A4CC7D5D}.Debug|x64.ActiveCfg = Debug|x64
		{27EEE192-3157-47C2-B01A-F999A4CC7D5D}.Debug|x64.Build.0 = Debug|x64
		{27EEE192-3157-47C2-B01A-F999A4CC7D5D}.Debug|x86.ActiveCfg = Debug|Win32
		{27EEE192-3157-47C2-B01A-F999A4CC7D5D}.Debug|x86.Build.0 = Debug|Win32
		{27EEE192-3157-47C2-B01A-F999A4CC7D5D}.Release|x64.ActiveCfg = Release|x64
		{27EEE192-3157-47C2-B01A-F999A4CC7D5D}.Release|x64.Build.0 = Release|x64
		{27EEE192-3157-47C2-B01A-F999A4CC7D5D}.Release|x86.ActiveCfg = Release|Win32
		{27EEE192-3157-47C2-B01A-F999A4CC7D5D}.Release|x86.Build.0 = Release|Win32
		{14B6212F-7E4A-4EFE-877E-950CAE83CFCE}.Debug|x64.ActiveCfg = Debug|x64
		{14B6212F-7E4A-4EFE-877E-950CAE83CFCE}.Debug|x64.Build.0 = Debug|x64
		{14B6212F-7E4A-4EFE-877E-950CAE83CFCE}.Debug|x86.ActiveCfg = Debug|Win32
		{14B6212F-7E4A-4EFE-877E-950CAE83CFCE}.Debug|x86.Build.0 = Debug|Win32
		{14B6212F-7E4A-4EFE-877E-950CAE83CFCE}.Release|x64.ActiveCfg = Release|x64
		{14B6212F-7E4A-4EFE-877E-950CAE83CFCE}.Release|x64.Build.0 = Release|x64
		{14B6212F-7E4A-4EFE-877E-950CAE83CFCE}.Release|x86.ActiveCfg = Release|Win32
		{14B6212F-7E4A-4EFE-877E-950CAE83CFCE}.Release|x86.Build.0 = Release|Win32
		{537919D7-0DBC-4028-BB90-003294961432}.Debug|x64.ActiveCfg = Debug|x64
		{537919D7-0DBC-4028-BB90-003294961432}.Debug|x64.Build.0 = Debug|x64
		{537919D7-0DBC-4028-BB90-003294961432}.Debug|x86.ActiveCfg = Debug|Win32
		{537919D7-0DBC-4028-BB90-003294961432}.Debug|x86.Build.0 = Debug|Win32
		{537919D7-0DBC-4028-BB90-003294961432}.Release|x64.ActiveCfg = Release|x64
		{537919D7-0DBC-4028-BB90-003294961432}.Release|x64.Build.0 = Release|x64
		{537919D7-0DBC-4028-BB90-003294961432}.Release|x86.ActiveCfg = Release|Win32
		{537919D7-0DBC-4028-BB90-003294961432}.Release|x86.Build.0 = Release|Win32
		{9E88A068-9DE0-45B1-8711-77785D7674CF}.Debug|x64.ActiveCfg = Debug|x64
		{9E88A068-9DE0-45B1-8711-77785D7674CF}.Debug|x64.Build.0 = Debug|x64
		{9E88A068-9DE0-45B1-8711-77785D7674CF}.Debug|x86.ActiveCfg = Debug|Win32
		{9E88A068-9DE0-45B1-8711-77785D7674CF}.Debug|x86.Build.0 = Debug|Win32
		{9E88A068-9DE0-45B1-8711-77785D7674CF}.Release|x64.ActiveCfg = Release|x64
		{9E88A068-9DE0-45B1-8711-77785D7674CF}.Release|x64.Build.0 = Release|x64
		{9E88A068-9DE0-45B1-8711-77785D7674CF}.Release|x86.ActiveCfg = Release|Win32
		{9E88A068-9DE0-45B1-8711-77785D7674CF}.Release|x86.Build.0 = Release|Win32
		{A9E56161-2900-4F24-982C-9D689F070D77}.Debug|x64.ActiveCfg = Debug|x64
		{A9E56161-2900-4F24-982C-9D689F070D77}.Debug|x64.Build.0 = Debug|x64
		{A9E56161-2900-4F24-982C-9D689F070D77}.Debug|x86.ActiveCfg = Debug|Win32
		{A9E56161-2900-4F24-982C-9D689F070D77}.Debug|x86.Build.0 = Debug|Win32
		{A9E56161-2900-4F24-982C-9D689F070D77}.Release|x64.ActiveCfg = Release|x64
		{A9E56161-2900-4F24-982C-9D689F070D77}.Release|x64.Build.0 = Release|x64
		{A9E56161-2900-4F24-982C-9D689F070D77}.Release|x86.ActiveCfg = Release|Win32
		{A9E56161-2900-4F24-982C-9D689F070D77}.Release|x86.Build.0 = Release|Win32
		{9268FC0E-67C8-4C3C-9F76-0190CEA978AA}.Debug|x64.ActiveCfg = Debug|x64
		{9268FC0E-67C8-4C3C-9F76-0190CEA978AA}.Debug|x64.Build.0 = Debug|x64
		{9268FC0E-67C8-4C3C-9F76-0190CEA978AA}.Debug|x86.ActiveCfg = Debug|Win32
		{9268FC0E-67C8-4C3C-9F76-0190CEA978AA}.Debug|x86.Build.0 = Debug|Win32
		{9268FC0E-67C8-4C3C-9F76-0190CEA978AA}.Release|x64.ActiveCfg = Release|x64
		{9268FC0E-67C8-4C3C-9F76-0190CEA978AA}.Release|x64.Build.0 = Release|x64
		{9268FC0E-67C8-4C3C-9F76-0190CEA978AA}.Release|x86.ActiveCfg = Release|Win32
		{9268FC0E-67C8-4C3C-9F76-0190CEA978AA}.Release|x86.Build.0 = Release|Win32
		{F4A0C8F8-A70B-4A2F-ABD0-E271D83C359D}.Debug|x64.ActiveCfg = Debug|x64
		{F4A0C8F8-A70B-4A2F-ABD0-E271D83C359D}.Debug|x64.Build.0 = Debug|x64
		{F4A0C8F8-A70B-4A2F-ABD0-E271D83C359D}.Debug|x86.ActiveCfg = Debug|Win32
		{F4A0C8F8-A70B-4A2F-ABD0-E271D83C359D}.Debug|x86.Build.0 = Debug|Win32
		{F4A0C8F8-A70B-4A2F-ABD0-E271D83C359D}.Release|x64.ActiveCfg = Release|x64
		{F4A0C8F8-A70B-4A2F-ABD0-E271D83C359D}.Release|x64.Build.0 = Release|x64
		{F4A0C8F8-A70B-4A2F-ABD0-E271D83C359D}.Release|x86.ActiveCfg = Release|Win32
		{F4A0C8F8-A70B-4A2F-ABD0-E271D83C359D}.Release|x86.Build.0 = Release|Win32
		{0FF86674-DBF8-4396-8895-3CF90A268966}.Debug|x64.ActiveCfg = Debug|x64
		{0FF86674-DBF8-4396-8895-3CF90A268966}.Debug|x64.Build.0 = Debug|x64
		{0FF86674-DBF8-4396-8895-3CF90A268966}.Debug|x86.ActiveCfg = Debug|Win32
		{0FF86674-DBF8-4396-8895-3CF90A268966}.Debug|x86.Build.0 = Debug|Win32
		{0FF86674-DBF8-4396-8895-3CF90A268966}.Release|x64.ActiveCfg = Release|x64
		{0FF86674-DBF8-4396-8895-3CF90A268966}.Release|x64.Build.0 = Release|x64
		{0FF86674-DBF8-4396-8895-3CF90A268966}.Release|x86.ActiveCfg = Release|Win32
		{0FF86674-DBF8-4396-8895-3CF90A268966}.Release|x86.Build.0 = Release|Win32
		{AE2B4A29-2478-483D-86FE-BA35D2737945}.Debug|x64.ActiveCfg = Debug|x64
		{AE2B4A29-2478-483D-86FE-BA35D2737945}.Debug|x64.Build.0 = Debug|x64
		{AE2B4A29-2478-483D-86FE-BA35D2737945}.Debug|x86.ActiveCfg = Debug|Win32
		{AE2B4A29-2478-483D-86FE-BA35D2737945}.Debug|x86.Build.0 = Debug|Win32
		{AE2B4A29-2478-483D-86FE-BA35D2737945}.Release|x64.ActiveCfg = Release|x64
		{AE2B4A29-2478-483D-86FE-BA35D2737945}.Release|x64.Build.0 = Release|x64
		{AE2B4A29-2478-483D-86FE-BA35D2737945}.Release|x86.ActiveCfg = Release|Win32
		{AE2B4A29-2478-483D-86FE-BA35D2737945}.Release|x86.Build.0 = Release|Win32
		{290C3554-434E-4AF5-9856-96629389931B}.Debug|x64.ActiveCfg = Debug|x64
		{290C3554-434E-4AF5-9856-96629389931B}.Debug|x64.Build.0 = Debug|x64
		{290C3554-434E-4AF5-9856-96629389931B}.Debug|x86.ActiveCfg = Debug|Win32
		{290C3554-434E-4AF5-9856-96629389931B}.Debug|x86.Build.0 = Debug|Win32
		{290C3554-434E-4AF5-9856-96629389931B}.Release|x64.ActiveCfg = Release|x64
		{290C3554-434E-4AF5-9856-96629389931B}.Release|x64.Build.0 = Release|x64
		{290C3554-434E-4AF5-9856-96629389931B}.Release|x86.ActiveCfg = Release|Win32
		{290C3554-434E-4AF5-9856-96629389931B}.Release|x86.Build.0 = Release|Win32
		{339DAE4A-69CB-4173-9189-3D1F0908610D}.Debug|x64.ActiveCfg = Debug|x64
		{339DAE4A-69CB-4173-9189-3D1F0908610D}.Debug|x64.Build.0 = Debug|x64
		{339DAE4A-69CB-4173-9189-3D1F0908610D}.Debug|x86.ActiveCfg = Debug|Win32
		{339DAE4A-69CB-4173-9189-3D1F0908610D}.Debug|x86.Build.0 = Debug|Win32
		{339DAE4A-69CB-4173-9189-3D1F0908610D}.Release|x64.ActiveCfg = Release|x64
		{339DAE4A-69CB-4173-9189-3D1F0908610D}.Release|x64.Build.0 = Release|x64
		{339DAE4A-69CB-4173-9189-3D1F0908610D}.Release|x86.ActiveCfg = Release|Win32
		{339DAE4A-69CB-4173-9189-3D1F0908610D}.Release|x86.Build.0 = Release|Win32
		{DD141878-7154-4A9A-8B09-753BC8DE9226}.Debug|x64.ActiveCfg = Debug|x64
		{DD141878-7154-4A9A-8B09-753BC8DE9226}.Debug|x64.Build.0 = Debug|x64
		{DD141878-7154-4A9A-8B09-753BC8DE9226}.Debug|x86.ActiveCfg = Debug|Win32
		{DD141878-7154-4A9A-8B09-753BC8DE9226}.Debug|x86.Build.0 = Debug|Win32
		{DD141878-7154-4A9A-8B09-753BC8DE9226}.Release|x64.ActiveCfg = Release|x64
		{DD141878-7154-4A9A-8B09-753BC8DE9226}.Release|x64.Build.0 = Release|x64
		{DD141878-7154-4A9A-8B09-753BC8DE9226}.Release|x86.ActiveCfg = Release|Win32
		{DD141878-7154-4A9A-8B09-753BC8DE9226}.Release|x86.Build.0 = Release|Win32
		{09495C3E-5438-4079-973E-5A381A13CBA7}.Debug|x64.ActiveCfg = Debug|x64
		{09495C3E-5438-4079-973E-5A381A13CBA7}.Debug|x64.Build.0 = Debug|x64
		{09495C3E-5438-4079-973E-5A381A13CBA7}.Debug|x86.ActiveCfg = Debug|Win32
		{09495C3E-5438-4079-973E-5A381A13CBA7}.Debug|x86.Build.0 = Debug|Win32
		{09495C3E-5438-4079-973E-5A381A13CBA7}.Release|x64.ActiveCfg = Release|x64
		{09495C3E-5438-4079-973E-5A381A13CBA7}.Release|x64.Build.0 = Release|x64
		{09495C3E-5438-4079-973E-5A381A13CBA7}.Release|x86.ActiveCfg = Release|Win32
		{09495C3E-5438-4079-973E-5A381A13CBA7}.Release|x86.Build.0 = Release|Win32
		{D4C7DB5F-7A1A-46BC-A5F3-5736861F661B}.Debug|x64.ActiveCfg = Debug|x64
		{D4C7DB5F-7A1A-46BC-A5F3-5736861F661B}.Debug|x64.Build.0 = Debug|x64
		{D4C7DB5F-7A1A-46BC-A5F3-5736861F661B}.Debug|x86.ActiveCfg = Debug|Win32
		{D4C7DB5F-7A1A-46BC-A5F3-5736861F661B}.Debug|x86.Build.0 = Debug|Win32
		{D4C7DB5F-7A1A-46BC-A5F3-5736861F661B}.Release|x64.ActiveCfg = Release|x64
		{D4C7DB5F-7A1A-46BC-A5F3-5736861F661B}.Release|x64.Build.0 = Release|x64
		{D4C7DB5F-7A1A-46BC-A5F3-5736861F661B}.Release|x86.ActiveCfg = Release|Win32
		{D4C7DB5F-7A1A-46BC-A5F3-5736861F661B}.Release|x86.Build.0 = Release|Win32
		{244C8A8B-FF07-4355-9DB7-EDE91059DC54}.Debug|x64.ActiveCfg = Debug|x64
		{244C8A8B-FF07-4355-9DB7-EDE91059DC54}.Debug|x64.Build.0 = Debug|x64
		{244C8A8B-FF07-4355-9DB7-EDE91059DC54}.Debug|x86.ActiveCfg = Debug|Win32
		{244C8A8B-FF07-4355-9DB7-EDE91059DC54}.Debug|x86.Build.0 = Debug|Win32
		{244C8A8B-FF07-4355-9DB7-EDE91059DC54}.Release|x64.ActiveCfg = Release|x64
		{244C8A8B-FF07-4355-9DB7-EDE91059DC54}.Release|x64.Build.0 = Release|x64
		{244C8A8B-FF07-4355-9DB7-EDE91059DC54}.Release|x86.ActiveCfg = Release|Win32
		{244C8A8B-FF07-4355-9DB7-EDE91059DC54}.Release|x86.Build.0 = Release|Win32
		{EF74F786-3244-4146-A2A2-BFB0FEC679BF}.Debug|x64.ActiveCfg = Debug|x64
		{EF74F786-3244-4146-A2A2-BFB0FEC679BF}.Debug|x64.Build.0 = Debug|x64
		{EF74F786-3244-4146-A2A2-BFB0FEC679BF}.Debug|x86.ActiveCfg = Debug|Win32
		{EF74F786-3244-4146-A2A2-BFB0FEC679BF}.Debug|x86.Build.0 = Debug|Win32
		{EF74F786-3244-4146-A2A2-BFB0FEC679BF}.Release|x64.ActiveCfg = Release|x64
		{EF74F786-3244-4146-A2A2-BFB0FEC679BF}.Release|x64.Build.0 = Release|x64
		{EF74F786-3244-4146-A2A2-BFB0FEC679BF}.Release|x86.ActiveCfg = Release|Win32
		{EF74F786-3244-4146-A2A2-BFB0FEC679BF}.Release|x86.Build.0 = Release|Win32
		{0AE36877-47A4-4876-AC72-F39C9B4737AA}.Debug|x64.ActiveCfg = Debug|x64
		{0AE36877-47A4-4876-AC72-F39C9B4737AA}.Debug|x64.Build.0 = Debug|x64
		{0AE36877-47A4-4876-AC72-F39C9B4737AA}.Debug|x86.ActiveCfg = Debug|Win32
		{0AE36877-47A4-4876-AC72-F39C9B4737AA}.Debug|x86.Build.0 = Debug|Win32
		{0AE36877-47A4-4876-AC72-F39C9B4737AA}.Release|x64.ActiveCfg = Release|x64
		{0AE36877-47A4-4876-AC72-F39C9B4737AA}.Release|x64.Build.0 = Release|x64
		{0AE36877-47A4-4876-AC72-F39C9B4737AA}.Release|x86.ActiveCfg = Release|Win32
		{0AE36877-47A4-4876-AC72-F39C9B4737AA}.Release|x86.Build.0 = Release|Win32
		{B35C9FE9-A4A1-4460-AA69-0D8824D3A3FF}.Debug|x64.ActiveCfg = Debug|x64
		{B35C9FE9-A4A1-4460-AA69-0D8824D3A3FF}.Debug|x64.Build.0 = Debug|x64
		{B35C9FE9-A4A1-4460-AA69-0D8824D3A3FF}.Debug|x86.ActiveCfg = Debug|Win32
		{B35C9FE9-A4A1-4460-AA69-0D8824D3A3FF}.Debug|x86.Build.0 = Debug|Win32
		{B35C9FE9-A4A1-4460-AA69-0D8824D3A3FF}.Release|x64.ActiveCfg = Release|x64
		{B35C9FE9-A4A1-4460-AA69-0D8824D3A3FF}.Release|x64.Build.0 = Release|x64
		{B35C9FE9-A4A1-4460-AA69-0D8824D3A3FF}.Release|x86.ActiveCfg = Release|Win32
		{B35C9FE9-A4A1-4460-AA69-0D8824D3A3FF}.Release|x86.Build.0 = Release|Win32
		{D7D33C4A-F267-48AF-96F1-64341119A8BE}.Debug|x64.ActiveCfg = Debug|x64
		{D7D33C4A-F267-48AF-96F1-64341119A8BE}.Debug|x64.Build.0 = Debug|x64
		{D7D33C4A-F267-48AF-96F1-64341119A8BE}.Debug|x86.ActiveCfg = Debug|Win32
		{D7D33C4A-F267-48AF-96F1-64341119A8BE}.Debug|x86.Build.0 = Debug|Win32
		{D7D33C4A-F267-48AF-96F1-64341119A8BE}.Release|x64.ActiveCfg = Release|x64
		{D7D33C4A-F267-48AF-96F1-64341119A8BE}.Release|x64.Build.0 = Release|x64
		{D7D33C4A-F267-48AF-96F1-64341119A8BE}.Release|x86.ActiveCfg = Release|Win32
		{D7D33C4A-F267-48AF-96F1-64341119A8BE}.Release|x86.Build.0 = Release|Win32
		{37A26FAB-F95C-4E11-97EE-AA5603EB26E8}.Debug|x64.ActiveCfg = Debug|x64
		{37A26FAB-F95C-4E11-97EE-AA5603EB26E8}.Debug|x64.Build.0 = Debug|x64
		{37A26FAB-F95C-4E11-97EE-AA5603EB26E8}.Debug|x86.ActiveCfg = Debug|Win32
		{37A26FAB-F95C-4E11-97EE-AA5603EB26E8}.Debug|x86.Build.0 = Debug|Win32
		{37A26FAB-F95C-4E11-97EE-AA5603EB26E8}.Release|x64.ActiveCfg = Release|x64
		{37A26FAB-F95C-4E11-97EE-AA5603EB26E8}.Release|x64.Build.0 = Release|x64
		{37A26FAB-F95C-4E11-97EE-AA5603EB26E8}.Release|x86.ActiveCfg = Release|Win32
		{37A26FAB-F95C-4E11-97EE-AA5603EB26E8}.Release|x86.Build.0 = Release|Win32
		{5FE581F7-7D90-4243-89FF-9A15113629D8}.Debug|x64.ActiveCfg = Debug|x64
		{5FE581F7-7D90-4243-89FF-9A15113629D8}.Debug|x64.Build.0 = Debug|x64
		{5FE581F7-7D90-4243-89FF-9A15113629D8}.Debug|x86.ActiveCfg = Debug|Win32
		{5FE581F7-7D90-4243-89FF-9A15113629D8}.Debug|x86.Build.0 = Debug|Win32
		{5FE581F7-7D90-4243-89FF-9A15113629D8}.Release|x64.ActiveCfg = Release|x64
		{5FE581F7-7D90-4243-89FF-9A15113629D8}.Release|x64.Build.0 = Release|x64
		{5FE581F7-7D90-4243-89FF-9A15113629D8}.Release|x86.ActiveCfg = Release|Win32
		{5FE581F7-7D90-4243-89FF-9A15113629D8}.Release|x86.Build.0 = Release|Win32
		{32F3B6D3-79B1-4F65-952F-3AAEB99805B3}.Debug|x64.ActiveCfg = Debug|x64
		{32F3B6D3-79B1-4F65-952F-3AAEB99805B3}.Debug|x64.Build.0 = Debug|x64
		{32F3B6D3-79B1-4F65-952F-3AAEB99805B3}.Debug|x86.ActiveCfg = Debug|Win32
		{32F3B6D3-79B1-4F65-952F-3AAEB99805B3}.Debug|x86.Build.0 = Debug|Win32
		{32F3B6D3-79B1-4F65-952F-3AAEB99805B3}.Release|x64.ActiveCfg = Release|x64
		{32F3B6D3-79B1-4F65-952F-3AAEB99805B3}.Release|x64.Build.0 = Release|x64
		{32F3B6D3-79B1-4F65-952F-3AAEB99805B3}.Release|x86.ActiveCfg = Release|Win32
		{32F3B6D3-79B1-4F65-952F-3AAEB99805B3}.Release|x86.Build.0 = Release|Win32
		{0391C3A5-5DAB-4F01-8E0F-7733B7747EAA}.Debug|x64.ActiveCfg = Debug|x64
		{0391C3A5-5DAB-4F01-8E0F-7733B7747EAA}.Debug|x64.Build.0 = Debug|x64
		{0391C3A5-5DAB-4F01-8E0F-7733B7747EAA}.Debug|x86.ActiveCfg = Debug|Win32
		{0391C3A5-5DAB-4F01-8E0F-7733B7747EAA}.Debug|x86.Build.0 = Debug|Win32
		{0391C3A5-5DAB-4F01-8E0F-7733B7747EAA}.Release|x64.ActiveCfg = Release|x64
		{0391C3A5-5DAB-4F01-8E0F-7733B7747EAA}.Release|x64.Build.0 = Release|x64
		{0391C3A5-5DAB-4F01-8E0F-7733B7747EAA}.Release|x86.ActiveCfg = Release|Win32
		{0391C3A5-5DAB-4F01-8E0F-7733B7747EAA}.Release|x86.Build.0 = Release|Win32
		{63F95174-F62D-428F-8C88-60AE70841D59}.Debug|x64.ActiveCfg = Debug|x64
		{63F95174-F62D-428F-8C88-60AE70841D59}.Debug|x64.Build.0 = Debug|x64
		{63F95174-F62D-428F-8C88-60AE70841D59}.Debug|x86.ActiveCfg = Debug|Win32
		{63F95174-F62D-428F-8C88-60AE70841D59}.Debug|x86.Build.0 = Debug|Win32
		{63F95174-F62D-428F-8C88-60AE70841D59}.Release|x64.ActiveCfg = Release|x64
		{63F95174-F62D-428F-8C88-60AE70841D59}.Release|x64.Build.0 = Release|x64
		{63F95174-F62D-428F-8C88-60AE70841D59}.Release|x86.ActiveCfg = Release|Win32
		{63F95174-F62D-428F-8C88-60AE70841D59}.Release|x86.Build.0 = Release|Win32
		{73343686-899D-4045-8FE0-0B51FB37EF86}.Debug|x64.ActiveCfg = Debug|x64
		{73343686-899D-4045-8FE0-0B51FB37EF86}.Debug|x64.Build.0 = Debug|x64
		{73343686-899D-4045-8FE0-0B51FB37EF86}.Debug|x86.ActiveCfg = Debug|Win32
		{73343686-899D-4045-8FE0-0B51FB37EF86}.Debug|x86.Build.0 = Debug|Win32
		{73343686-899D-4045-8FE0-0B51FB37EF86}.Release|x64.ActiveCfg = Release|x64
		{73343686-899D-4045-8FE0-0B51FB37EF86}.Release|x64.Build.0 = Release|x64
		{73343686-899D-4045-8FE0-0B51FB37EF86}.Release|x86.ActiveCfg = Release|Win32
		{73343686-899D-4045-8FE0-0B51FB37EF86}.Release|x86.Build.0 = Release|Win32
		{C0B32D91-4D23-4342-BE62-5F68A6DDDF81}.Debug|x64.ActiveCfg = Debug|x64
		{C0B32D91-4D23-4342-BE62-5F68A6DDDF81}.Debug|x64.Build.0 = Debug|x64
		{C0B32D91-4D23-4342-BE62-5F68A6DDDF81}.Debug|x86.ActiveCfg = Debug|Win32
		{C0B32D91-4D23-4342-BE62-5F68A6DDDF81}.Debug|x86.Build.0 = Debug|Win32
		{C0B32D91-4D23-4342-BE62-5F68A6DDDF81}.Release|x64.ActiveCfg = Release|x64
		{C0B32D91-4D23-4342-BE62-5F68A6DDDF81}.Release|x64.Build.0 = Release|x64
		{C0B32D91-4D23-4342-BE62-5F68A6DDDF81}.Release|x86.ActiveCfg = Release|Win32
		{C0B32D91-4D23-4342-BE62-5F68A6DDDF81}.Release|x86.Build.0 = Release|Win32
		{BB1230C7-DF30-4D77-8099-A9FEE4CBD525}.Debug|x64.ActiveCfg = Debug|x64
		{BB1230C7-DF30-4D77-8099-A9FEE4CBD525}.Debug|x64.Build.0 = Debug|x64
		{BB1230C7-DF30-4D77-8099-A9FEE4CBD525}.Debug|x86.ActiveCfg = Debug|Win32
		{BB1230C7-DF30-4D77-8099-A9FEE4CBD525}.Debug|x86.Build.0 = Debug|Win32
		{BB1230C7-DF30-4D77-8099-A9FEE4CBD525}.Release|x64.ActiveCfg = Release|x64
		{BB1230C7-DF30-4D77-8099-A9FEE4CBD525}.Release|x64.Build.0 = Release|x64
		{BB1230C7-DF30-4D77-8099-A9FEE4CBD525}.Release|x86.ActiveCfg = Release|Win32
		{BB1230C7-DF30-4D77-8099-A9FEE4CBD525}.Release|x86.Build.0 = Release|Win32
		{BB03B2D5-3A5A-4C3F-AC51-3804E64DA7BE}.Debug|x64.ActiveCfg = Debug|x64
		{BB03B2D5-3A5A-4C3F-AC51-3804E64DA7BE}.Debug|x64.Build.0 = Debug|x64
		{BB03B2D5-3A5A-4C3F-AC51-3804E64DA7BE}.Debug|x86.ActiveCfg = Debug|Win32
		{BB03B2D5-3A5A-4C3F-AC51-3804E64DA7BE}.Debug|x86.Build.0 = Debug|Win32
		{BB03B2D5-3A5A-4C3F-AC51-3804E64DA7BE}.Release|x64.ActiveCfg = Release|x64
		{BB03B2D5-3A5A-4C3F-AC51-3804E64DA7BE}.Release|x64.Build.0 = Release|x64
		{BB03B2D5-3A5A-4C3F-AC51-3804E64DA7BE}.Release|x86.ActiveCfg = Release|Win32
		{BB03B2D5-3A5A-4C3F-AC51-3804E64DA7BE}.Release|x86.Build.0 = Release|Win32
		{B48DF7B5-F852-4061-8D2E-6686C7D7FE0C}.Debug|x64.ActiveCfg = Debug|x64
		{B48DF7B5-F852-4061-8D2E-6686C7D7FE0C}.Debug|x64.Build.0 = Debug|x64
		{B48DF7B5-F852-4061-8D2E-6686C7D7FE0C}.Debug|x86.ActiveCfg = Debug|Win32
		{B48DF7B5-F852-4061-8D2E-6686C7D7FE0C}.Debug|x86.Build.0 = Debug|Win32
		{B48DF7B5-F852-4061-8D2E-6686C7D7FE0C}.Release|x64.ActiveCfg = Release|x64
		{B48DF7B5-F852-4061-8D2E-6686C7D7FE0C}.Release|x64.Build.0 = Release|x64
		{B48DF7B5-F852-4061-8D2E-6686C7D7FE0C}.Release|x86.ActiveCfg = Release|Win32
		{B48DF7B5-F852-4061-8D2E-6686C7D7FE0C}.Release|x86.Build.0 = Release|Win32
		{DDAE32CD-7351-4EB2-BD2F-53D9150D1898}.Debug|x64.ActiveCfg = Debug|x64
		{DDAE32CD-7351-4EB2-BD2F-53D9150D1898}.Debug|x64.Build.0 = Debug|x64
		{DDAE32CD-7351-4EB2-BD2F-53D9150D1898}.Debug|x86.ActiveCfg = Debug|Win32
		{DDAE32CD-7351-4EB2-BD2F-53D9150D1898}.Debug|x86.Build.0 = Debug|Win32
		{DDAE32CD-7351-4EB2-BD2F-53D9150D1898}.Release|x64.ActiveCfg = Release|x64
		{DDAE32CD-7351-4EB2-BD2F-53D9150D1898}.Release|x64.Build.0 = Release|x64
		{DDAE32CD-7351-4EB2-BD2F-53D9150D1898}.Release|x86.ActiveCfg = Release|Win32
		{DDAE32CD-7351-4EB2-BD2F-53D9150D1898}.Release|x86.Build.0 = Release|Win32
		{85313B40-2C9E-4B09-9AC8-61CC5FBDFF79}.Debug|x64.ActiveCfg = Debug|x64
		{85313B40-2C9E-4B09-9AC8-61CC5FBDFF79}.Debug|x64.Build.0 = Debug|x64
		{85313B40-2C9E-4B09-9AC8-61CC5FBDFF79}.Debug|x86.ActiveCfg = Debug|Win32
		{85313B40-2C9E-4B09-9AC8-61CC5FBDFF79}.Debug|x86.Build.0 = Debug|Win32
		{85313B40-2C9E-4B09-9AC8-61CC5FBDFF79}.Release|x64.ActiveCfg = Release|x64
		{85313B40-2C9E-4B09-9AC8-61CC5FBDFF79}.Release|x64.Build.0 = Release|x64
		{85313B40-2C9E-4B09-9AC8-61CC5FBDFF79}.Release|x86.ActiveCfg = Release|Win32
		{85313B40-2C9E-4B09-9AC8-61CC5FBDFF79}.Release|x86.Build.0 = Release|Win32
		{7CA3CBE4-80A1-4F68-A46F-2E5251BFB5F3}.Debug|x64.ActiveCfg = Debug|x64
		{7CA3CBE4-80A1-4F68-A46F-2E5251BFB5F3}.Debug|x64.Build.0 = Debug|x64
		{7CA3CBE4-80A1-4F68-A46F-2E5251BFB5F3}.Debug|x86.ActiveCfg = Debug|Win32
		{7CA3CBE4-80A1-4F68-A46F-2E5251BFB5F3}.Debug|x86.Build.0 = Debug|Win32
		{7CA3CBE4-80A1-4F68-A46F-2E5251BFB5F3}.Release|x64.ActiveCfg = Release|x64
		{7CA3CBE4-80A1-4F68-A46F-2E5251BFB5F3}.Release|x64.Build.0 = Release|x64
		{7CA3CBE4-80A1-4F68-A46F-2E5251BFB5F3}.Release|x86.ActiveCfg = Release|Win32
		{7CA3CBE4-80A1-4F68-A46F-2E5251BFB5F3}.Release|x86.Build.0 = Release|Win32
		{57906B9C-90D0-44F9-B3F3-023301897322}.Debug|x64.ActiveCfg = Debug|x64
		{57906B9C-90D0-44F9-B3F3-023301897322}.Debug|x64.Build.0 = Debug|x64
		{57906B9C-90D0-44F9-B3F3-023301897322}.Debug|x86.ActiveCfg = Debug|Win32
		{57906B9C-90D0-44F9-B3F3-023301897322}.Debug|x86.Build.0 = Debug|Win32
		{57906B9C-90D0-44F9-B3F3-023301897322}.Release|x64.ActiveCfg = Release|x64
		{57906B9C-90D0-44F9-B3F3-023301897322}.Release|x64.Build.0 = Release|x64
		{57906B9C-90D0-44F9-B3F3-023301897322}.Release|x86.ActiveCfg = Release|Win32
		{57906B9C-90D0-44F9-B3F3-023301897322}.Release|x86.Build.0 = Release|Win32
		{5A0DB3DE-A068-4795-BEFE-1447A5D68DCC}.Debug|x64.ActiveCfg = Debug|x64
		{5A0DB3DE-A068-4795-BEFE-1447A5D68DCC}.Debug|x64.Build.0 = Debug|x64
		{5A0DB3DE-A068-4795-BEFE-1447A5D68DCC}.Debug|x86.ActiveCfg = Debug|Win32
		{5A0DB3DE-A068-4795-BEFE-1447A5D68DCC}.Debug|x86.Build.0 = Debug|Win32
		{5A0DB3DE-A068-4795-BEFE-1447A5D68DCC}.Release|x64.ActiveCfg = Release|x64
		{5A0DB3DE-A068-4795-BEFE-1447A5D68DCC}.Release|x64.Build.0 = Release|x64
		{5A0DB3DE-A068-4795-BEFE-1447A5D68DCC}.Release|x86.ActiveCfg = Release|Win32
		{5A0DB3DE-A068-4795-BEFE-1447A5D68DCC}.Release|x86.Build.0 = Release|Win32
	EndGlobalSection
	GlobalSection(SolutionProperties) = preSolution
		HideSolutionNode = FALSE
	EndGlobalSection
	GlobalSection(ExtensibilityGlobals) = postSolution
		SolutionGuid = {FB1F0A33-0853-47C2-920F-AA2BF039B0CB}
	EndGlobalSection
EndGlobal
