<?xml version="1.0" encoding="utf-8"?>
<Project ToolsVersion="4.0" xmlns="http://schemas.microsoft.com/developer/msbuild/2003">
  <ItemGroup>
    <Filter Include="ソース ファイル">
      <UniqueIdentifier>{4FC737F1-C7A5-4376-A066-2A32D752A2FF}</UniqueIdentifier>
      <Extensions>cpp;c;cc;cxx;def;odl;idl;hpj;bat;asm;asmx</Extensions>
    </Filter>
    <Filter Include="ソース ファイル\solved">
      <UniqueIdentifier>{6bd1ea9f-fb99-48d4-a810-97fc2ffc6cdd}</UniqueIdentifier>
    </Filter>
  </ItemGroup>
  <ItemGroup>
    <ClCompile Include="ARC001-B.cpp">
      <Filter>ソース ファイル\solved</Filter>
    </ClCompile>
    <ClCompile Include="ABC026-C.cpp">
      <Filter>ソース ファイル\solved</Filter>
    </ClCompile>
    <ClCompile Include="ABC060-C.cpp">
      <Filter>ソース ファイル\solved</Filter>
    </ClCompile>
    <ClCompile Include="ABC008-D.cpp">
      <Filter>ソース ファイル\solved</Filter>
    </ClCompile>
    <ClCompile Include="ARC003-B.cpp">
      <Filter>ソース ファイル\solved</Filter>
    </ClCompile>
    <ClCompile Include="dwango2015-C.cpp">
      <Filter>ソース ファイル</Filter>
    </ClCompile>
    <ClCompile Include="cf2015-C.cpp">
      <Filter>ソース ファイル\solved</Filter>
    </ClCompile>
    <ClCompile Include="yahoo-procon2017-qual.cpp">
      <Filter>ソース ファイル\solved</Filter>
    </ClCompile>
    <ClCompile Include="ABC112-C.cpp">
      <Filter>ソース ファイル\solved</Filter>
    </ClCompile>
    <ClCompile Include="..\AriHon\ARC006-C.cpp">
      <Filter>ソース ファイル\solved</Filter>
    </ClCompile>
    <ClCompile Include="ABC062-C.cpp">
      <Filter>ソース ファイル</Filter>
    </ClCompile>
    <ClCompile Include="ABC111-C.cpp">
      <Filter>ソース ファイル\solved</Filter>
    </ClCompile>
    <ClCompile Include="ARC016-C.cpp">
      <Filter>ソース ファイル</Filter>
    </ClCompile>
    <ClCompile Include="ABC016-C.cpp">
      <Filter>ソース ファイル\solved</Filter>
    </ClCompile>
    <ClCompile Include="cf_final-C.cpp">
      <Filter>ソース ファイル\solved</Filter>
    </ClCompile>
    <ClCompile Include="cf_final-C_ver2.cpp">
      <Filter>ソース ファイル\solved</Filter>
    </ClCompile>
    <ClCompile Include="ARC006-D.cpp">
      <Filter>ソース ファイル\solved</Filter>
    </ClCompile>
    <ClCompile Include="ARC006-D_ver2.cpp">
      <Filter>ソース ファイル\solved</Filter>
    </ClCompile>
    <ClCompile Include="ARC054-B.cpp">
      <Filter>ソース ファイル\solved</Filter>
    </ClCompile>
    <ClCompile Include="montecarlo.cpp">
      <Filter>ソース ファイル</Filter>
    </ClCompile>
  </ItemGroup>
</Project>