<?xml version="1.0" encoding="utf-8"?>
<Project ToolsVersion="4.0" xmlns="http://schemas.microsoft.com/developer/msbuild/2003">
  <ItemGroup>
    <Filter Include="ソース ファイル">
      <UniqueIdentifier>{4FC737F1-C7A5-4376-A066-2A32D752A2FF}</UniqueIdentifier>
      <Extensions>cpp;c;cc;cxx;def;odl;idl;hpj;bat;asm;asmx</Extensions>
    </Filter>
  </ItemGroup>
  <ItemGroup>
    <ClCompile Include="A.cpp">
      <Filter>ソース ファイル</Filter>
    </ClCompile>
    <ClCompile Include="B.cpp">
      <Filter>ソース ファイル</Filter>
    </ClCompile>
    <ClCompile Include="C.cpp">
      <Filter>ソース ファイル</Filter>
    </ClCompile>
    <ClCompile Include="D.cpp">
      <Filter>ソース ファイル</Filter>
    </ClCompile>
    <ClCompile Include="E.cpp">
      <Filter>ソース ファイル</Filter>
    </ClCompile>
    <ClCompile Include="F.cpp">
      <Filter>ソース ファイル</Filter>
    </ClCompile>
    <ClCompile Include="G.cpp">
      <Filter>ソース ファイル</Filter>
    </ClCompile>
    <ClCompile Include="H.cpp">
      <Filter>ソース ファイル</Filter>
    </ClCompile>
    <ClCompile Include="I.cpp">
      <Filter>ソース ファイル</Filter>
    </ClCompile>
    <ClCompile Include="J.cpp">
      <Filter>ソース ファイル</Filter>
    </ClCompile>
    <ClCompile Include="K.cpp">
      <Filter>ソース ファイル</Filter>
    </ClCompile>
    <ClCompile Include="L.cpp">
      <Filter>ソース ファイル</Filter>
    </ClCompile>
    <ClCompile Include="M.cpp">
      <Filter>ソース ファイル</Filter>
    </ClCompile>
    <ClCompile Include="N.cpp">
      <Filter>ソース ファイル</Filter>
    </ClCompile>
    <ClCompile Include="O.cpp">
      <Filter>ソース ファイル</Filter>
    </ClCompile>
  </ItemGroup>
</Project>