<?xml version="1.0" encoding="utf-8"?>
<Project ToolsVersion="4.0" xmlns="http://schemas.microsoft.com/developer/msbuild/2003">
  <ItemGroup>
    <Filter Include="Section2-1">
      <UniqueIdentifier>{4FC737F1-C7A5-4376-A066-2A32D752A2FF}</UniqueIdentifier>
      <Extensions>cpp;c;cc;cxx;def;odl;idl;hpj;bat;asm;asmx</Extensions>
    </Filter>
    <Filter Include="Section2-1\DFS">
      <UniqueIdentifier>{16e8655b-9711-43c1-b00e-14114518d79f}</UniqueIdentifier>
    </Filter>
    <Filter Include="Section2-1\BFS">
      <UniqueIdentifier>{800e27e6-a6ea-4942-b4d7-de6537377d02}</UniqueIdentifier>
    </Filter>
    <Filter Include="Section2-1\bit">
      <UniqueIdentifier>{9df23c63-1ff1-45cd-9533-a855a4c1490e}</UniqueIdentifier>
    </Filter>
    <Filter Include="Section1">
      <UniqueIdentifier>{49bc62c8-661a-419a-9f51-c024f5e20ade}</UniqueIdentifier>
    </Filter>
    <Filter Include="Section2-1\permutation">
      <UniqueIdentifier>{b9ddec6b-9977-43ad-a7c4-d9ee5b93bcbd}</UniqueIdentifier>
    </Filter>
    <Filter Include="Section2-2">
      <UniqueIdentifier>{7f52b0b7-6372-4540-a5c8-ae41d1e5e59e}</UniqueIdentifier>
    </Filter>
    <Filter Include="Section2-2\Scheduling">
      <UniqueIdentifier>{f5f32b72-0c15-4da7-a3d7-5aa1eae266ad}</UniqueIdentifier>
    </Filter>
    <Filter Include="Section2-2\BestCowLine">
      <UniqueIdentifier>{0c3d7788-1528-4632-a0e6-704287fbabf7}</UniqueIdentifier>
    </Filter>
    <Filter Include="Section2-2\SarumansArmy">
      <UniqueIdentifier>{615bad88-fbbb-472b-9ea1-14e5d5f5098a}</UniqueIdentifier>
    </Filter>
    <Filter Include="Section2-3">
      <UniqueIdentifier>{4e521c64-77db-450a-9cd8-7d0ee4141b82}</UniqueIdentifier>
    </Filter>
    <Filter Include="Section2-3\Knapsack">
      <UniqueIdentifier>{32665b2b-3eca-4a03-91db-19bca86a96fd}</UniqueIdentifier>
    </Filter>
    <Filter Include="Section2-3\LCS">
      <UniqueIdentifier>{13f4eb87-cc74-4b2c-9214-86412a890053}</UniqueIdentifier>
    </Filter>
    <Filter Include="Section2-3\Knapsack2">
      <UniqueIdentifier>{82a21c6b-5b03-4956-b47c-4a324c109039}</UniqueIdentifier>
    </Filter>
    <Filter Include="TopologicalSort">
      <UniqueIdentifier>{344f7fcd-8a2a-44f7-80e9-687bea09fdbb}</UniqueIdentifier>
    </Filter>
    <Filter Include="RoollingHash">
      <UniqueIdentifier>{e70ddb6d-1228-49f3-a0c2-95e7dc5e3add}</UniqueIdentifier>
    </Filter>
    <Filter Include="UnionFind">
      <UniqueIdentifier>{058094c8-34b2-4d9e-a5fc-5c8718afd680}</UniqueIdentifier>
    </Filter>
    <Filter Include="Section2-5">
      <UniqueIdentifier>{a105b098-bb68-43d8-b7bf-de6c86ab7b69}</UniqueIdentifier>
    </Filter>
    <Filter Include="Section2-5\Biparate_graph">
      <UniqueIdentifier>{a3c9513f-0862-47e8-83fe-22d5354da632}</UniqueIdentifier>
    </Filter>
    <Filter Include="Section2-5\Dijkstra">
      <UniqueIdentifier>{9c40e7cc-0b03-4339-8a2b-afcef4964f11}</UniqueIdentifier>
    </Filter>
    <Filter Include="Section2-5\Dijkstra2">
      <UniqueIdentifier>{ff02bb95-7709-4005-85db-07394396634c}</UniqueIdentifier>
    </Filter>
  </ItemGroup>
  <ItemGroup>
    <ClCompile Include="ARC004-A.cpp">
      <Filter>Section1</Filter>
    </ClCompile>
    <ClCompile Include="ARC031-B.cpp">
      <Filter>Section2-1\DFS</Filter>
    </ClCompile>
    <ClCompile Include="ARC037-B.cpp">
      <Filter>Section2-1\DFS</Filter>
    </ClCompile>
    <ClCompile Include="ATC001-A.cpp">
      <Filter>Section2-1\DFS</Filter>
    </ClCompile>
    <ClCompile Include="ARC029-A.cpp">
      <Filter>Section2-1\bit</Filter>
    </ClCompile>
    <ClCompile Include="ABC002-D.cpp">
      <Filter>Section2-1\bit</Filter>
    </ClCompile>
    <ClCompile Include="ABC007-C.cpp">
      <Filter>Section2-1\BFS</Filter>
    </ClCompile>
    <ClCompile Include="AGC033-A.cpp">
      <Filter>Section2-1\BFS</Filter>
    </ClCompile>
    <ClCompile Include="ARC005-C.cpp">
      <Filter>Section2-1\BFS</Filter>
    </ClCompile>
    <ClCompile Include="ABC088-D.cpp">
      <Filter>Section2-1\BFS</Filter>
    </ClCompile>
    <ClCompile Include="JOPI2011yo-E.cpp">
      <Filter>Section2-1\BFS</Filter>
    </ClCompile>
    <ClCompile Include="JOI2008ho_C.cpp">
      <Filter>Section1</Filter>
    </ClCompile>
    <ClCompile Include="ShortestPath.cpp">
      <Filter>Section2-1\BFS</Filter>
    </ClCompile>
    <ClCompile Include="dfs_example.cpp">
      <Filter>Section2-1\DFS</Filter>
    </ClCompile>
    <ClCompile Include="ARC061-C.cpp">
      <Filter>Section1</Filter>
    </ClCompile>
    <ClCompile Include="ABC054-C.cpp">
      <Filter>Section2-1\permutation</Filter>
    </ClCompile>
    <ClCompile Include="JOI2006yo-D.cpp">
      <Filter>Section2-1\BFS</Filter>
    </ClCompile>
    <ClCompile Include="JOI2010yo-D.cpp">
      <Filter>Section2-1\permutation</Filter>
    </ClCompile>
    <ClCompile Include="JOI2007yo-A.cpp">
      <Filter>Section2-2</Filter>
    </ClCompile>
    <ClCompile Include="ABC104-C.cpp">
      <Filter>Section2-1\bit</Filter>
    </ClCompile>
    <ClCompile Include="KUPC2015-A.cpp">
      <Filter>Section2-2\Scheduling</Filter>
    </ClCompile>
    <ClCompile Include="ABC103-D.cpp">
      <Filter>Section2-2\Scheduling</Filter>
    </ClCompile>
    <ClCompile Include="ABC038-D_ver2.cpp">
      <Filter>Section2-2\Scheduling</Filter>
    </ClCompile>
    <ClCompile Include="ABC038-D.cpp">
      <Filter>Section2-2\Scheduling</Filter>
    </ClCompile>
    <ClCompile Include="ABC076-C.cpp">
      <Filter>Section2-2\BestCowLine</Filter>
    </ClCompile>
    <ClCompile Include="ABC007-B.cpp">
      <Filter>Section2-2\BestCowLine</Filter>
    </ClCompile>
    <ClCompile Include="ABC009-C.cpp">
      <Filter>Section2-2\BestCowLine</Filter>
    </ClCompile>
    <ClCompile Include="ABC114-C.cpp">
      <Filter>Section2-1\DFS</Filter>
    </ClCompile>
    <ClCompile Include="ARC006-C.cpp">
      <Filter>Section2-2\SarumansArmy</Filter>
    </ClCompile>
    <ClCompile Include="ABC005-C.cpp">
      <Filter>Section2-2\SarumansArmy</Filter>
    </ClCompile>
    <ClCompile Include="ABC091-C.cpp">
      <Filter>Section2-2\SarumansArmy</Filter>
    </ClCompile>
    <ClCompile Include="ABC007-D.cpp">
      <Filter>Section2-3\Knapsack</Filter>
    </ClCompile>
    <ClCompile Include="ABC015-D.cpp">
      <Filter>Section2-3\Knapsack</Filter>
    </ClCompile>
    <ClCompile Include="TDCP-E.cpp">
      <Filter>Section2-3\Knapsack</Filter>
    </ClCompile>
    <ClCompile Include="TDPC-A.cpp">
      <Filter>Section2-3\Knapsack</Filter>
    </ClCompile>
    <ClCompile Include="TDPC-D.cpp">
      <Filter>Section2-3\Knapsack</Filter>
    </ClCompile>
    <ClCompile Include="EDPC-F.cpp">
      <Filter>Section2-3\LCS</Filter>
    </ClCompile>
    <ClCompile Include="Indeednow-C.cpp">
      <Filter>Section2-3\LCS</Filter>
    </ClCompile>
    <ClCompile Include="ABC032-D.cpp">
      <Filter>Section2-3\Knapsack2</Filter>
    </ClCompile>
    <ClCompile Include="ARC057-B.cpp">
      <Filter>Section2-3\Knapsack2</Filter>
    </ClCompile>
    <ClCompile Include="topological_sort.cpp">
      <Filter>TopologicalSort</Filter>
    </ClCompile>
    <ClCompile Include="nikkei2019_qual.cpp">
      <Filter>TopologicalSort</Filter>
    </ClCompile>
    <ClCompile Include="ABC041-D.cpp">
      <Filter>TopologicalSort</Filter>
    </ClCompile>
    <ClCompile Include="tenka1_2016_qualA-C.cpp">
      <Filter>TopologicalSort</Filter>
    </ClCompile>
    <ClCompile Include="yahoo_procon2017_final-A.cpp">
      <Filter>Section2-3\LCS</Filter>
    </ClCompile>
    <ClCompile Include="joi2007_ho-D.cpp">
      <Filter>TopologicalSort</Filter>
    </ClCompile>
    <ClCompile Include="AOJ-KanpSackProblem.cpp">
      <Filter>Section2-3\Knapsack2</Filter>
    </ClCompile>
    <ClCompile Include="Maximum-Cup-D.cpp">
      <Filter>Section2-3\Knapsack2</Filter>
    </ClCompile>
    <ClCompile Include="RollingHash_verify_yukiko599.cpp">
      <Filter>RoollingHash</Filter>
    </ClCompile>
    <ClCompile Include="RollingHash-verify.cpp">
      <Filter>RoollingHash</Filter>
    </ClCompile>
    <ClCompile Include="RollingHash-verify2.cpp">
      <Filter>RoollingHash</Filter>
    </ClCompile>
    <ClCompile Include="RollingHash-verify_yukiko430.cpp">
      <Filter>RoollingHash</Filter>
    </ClCompile>
    <ClCompile Include="ATC001-B.cpp">
      <Filter>UnionFind</Filter>
    </ClCompile>
    <ClCompile Include="ARC036-D.cpp">
      <Filter>UnionFind</Filter>
    </ClCompile>
    <ClCompile Include="ARC097-D.cpp">
      <Filter>UnionFind</Filter>
    </ClCompile>
    <ClCompile Include="code_thanks2017.cpp">
      <Filter>UnionFind</Filter>
    </ClCompile>
    <ClCompile Include="Primeverify_iroha2019day1-H.cpp">
      <Filter>Section2-1</Filter>
    </ClCompile>
    <ClCompile Include="ABC126-D.cpp">
      <Filter>Section2-5\Biparate_graph</Filter>
    </ClCompile>
    <ClCompile Include="Maximum-Cup2018-C.cpp">
      <Filter>Section2-5\Biparate_graph</Filter>
    </ClCompile>
    <ClCompile Include="Maximum-cup2018-C_ver2.cpp">
      <Filter>Section2-5\Biparate_graph</Filter>
    </ClCompile>
    <ClCompile Include="ABC035-C.cpp">
      <Filter>Section2-5\Dijkstra</Filter>
    </ClCompile>
    <ClCompile Include="JOI2007-F.cpp">
      <Filter>Section2-5\Dijkstra</Filter>
    </ClCompile>
    <ClCompile Include="SoundHound2018-D.cpp">
      <Filter>Section2-5\Dijkstra</Filter>
    </ClCompile>
    <ClCompile Include="Mujin2018-E.cpp">
      <Filter>Section2-5\Dijkstra</Filter>
    </ClCompile>
    <ClCompile Include="WUPC2012-E.cpp">
      <Filter>Section2-5\Dijkstra2</Filter>
    </ClCompile>
    <ClCompile Include="AOJ1138.cpp">
      <Filter>Section2-1</Filter>
    </ClCompile>
    <ClCompile Include="AOJ212.cpp">
      <Filter>Section2-5\Dijkstra2</Filter>
    </ClCompile>
  </ItemGroup>
</Project>