<?xml version="1.0" encoding="utf-8"?>
<Project ToolsVersion="4.0" xmlns="http://schemas.microsoft.com/developer/msbuild/2003">
  <ItemGroup>
    <Filter Include="ソース ファイル">
      <UniqueIdentifier>{4FC737F1-C7A5-4376-A066-2A32D752A2FF}</UniqueIdentifier>
      <Extensions>cpp;c;cc;cxx;def;odl;idl;hpj;bat;asm;asmx</Extensions>
    </Filter>
    <Filter Include="ヘッダー ファイル">
      <UniqueIdentifier>{93995380-89BD-4b04-88EB-625FBE52EBFB}</UniqueIdentifier>
      <Extensions>h;hh;hpp;hxx;hm;inl;inc;ipp;xsd</Extensions>
    </Filter>
    <Filter Include="リソース ファイル">
      <UniqueIdentifier>{67DA6AB6-F800-4c08-8B7A-83BB121AAD01}</UniqueIdentifier>
      <Extensions>rc;ico;cur;bmp;dlg;rc2;rct;bin;rgs;gif;jpg;jpeg;jpe;resx;tiff;tif;png;wav;mfcribbon-ms</Extensions>
    </Filter>
    <Filter Include="ソース ファイル\UnionFind">
      <UniqueIdentifier>{b134f25d-71e0-4c53-acfc-93b9202c0ec0}</UniqueIdentifier>
    </Filter>
    <Filter Include="ソース ファイル\RoollingHash">
      <UniqueIdentifier>{f7036abd-3b01-4149-aae7-a26e3952e9f4}</UniqueIdentifier>
    </Filter>
  </ItemGroup>
  <ItemGroup>
    <ClCompile Include="UnionFind20191019_1.cpp">
      <Filter>ソース ファイル\UnionFind</Filter>
    </ClCompile>
    <ClCompile Include="UnionFind20191019_2.cpp">
      <Filter>ソース ファイル\UnionFind</Filter>
    </ClCompile>
    <ClCompile Include="UnionFind20191019_3.cpp">
      <Filter>ソース ファイル\UnionFind</Filter>
    </ClCompile>
    <ClCompile Include="UnionFinod20191019_4.cpp">
      <Filter>ソース ファイル\UnionFind</Filter>
    </ClCompile>
    <ClCompile Include="..\AriHon\RollingHash-verify.cpp">
      <Filter>ソース ファイル\RoollingHash</Filter>
    </ClCompile>
    <ClCompile Include="..\AriHon\RollingHash-verify2.cpp">
      <Filter>ソース ファイル\RoollingHash</Filter>
    </ClCompile>
    <ClCompile Include="..\AriHon\RollingHash-verify_yukiko430.cpp">
      <Filter>ソース ファイル\RoollingHash</Filter>
    </ClCompile>
    <ClCompile Include="..\AriHon\RollingHash_verify_yukiko599.cpp">
      <Filter>ソース ファイル\RoollingHash</Filter>
    </ClCompile>
    <ClCompile Include="..\Recommendations\primeONsieve.cpp">
      <Filter>ソース ファイル</Filter>
    </ClCompile>
    <ClCompile Include="Rooling_hash_verify_abc141e.cpp">
      <Filter>ソース ファイル\RoollingHash</Filter>
    </ClCompile>
    <ClCompile Include="AOJ_disjoint_set.cpp">
      <Filter>ソース ファイル\UnionFind</Filter>
    </ClCompile>
  </ItemGroup>
</Project>