<?xml version="1.0" encoding="utf-8"?>
<Project ToolsVersion="4.0" xmlns="http://schemas.microsoft.com/developer/msbuild/2003">
  <ItemGroup>
    <Filter Include="ソース ファイル">
      <UniqueIdentifier>{4FC737F1-C7A5-4376-A066-2A32D752A2FF}</UniqueIdentifier>
      <Extensions>cpp;c;cc;cxx;def;odl;idl;hpj;bat;asm;asmx</Extensions>
    </Filter>
    <Filter Include="ソース ファイル\solved">
      <UniqueIdentifier>{81925fee-f3ea-488e-a59a-dcc52c6e087b}</UniqueIdentifier>
    </Filter>
  </ItemGroup>
  <ItemGroup>
    <ClCompile Include="C.cpp">
      <Filter>ソース ファイル</Filter>
    </ClCompile>
    <ClCompile Include="D.cpp">
      <Filter>ソース ファイル</Filter>
    </ClCompile>
    <ClCompile Include="E.cpp">
      <Filter>ソース ファイル</Filter>
    </ClCompile>
    <ClCompile Include="F.cpp">
      <Filter>ソース ファイル</Filter>
    </ClCompile>
    <ClCompile Include="ABC020-C.cpp">
      <Filter>ソース ファイル</Filter>
    </ClCompile>
    <ClCompile Include="AGC032-B.cpp">
      <Filter>ソース ファイル\solved</Filter>
    </ClCompile>
    <ClCompile Include="coorcomp.cpp">
      <Filter>ソース ファイル\solved</Filter>
    </ClCompile>
    <ClCompile Include="AGC024-C.cpp">
      <Filter>ソース ファイル</Filter>
    </ClCompile>
    <ClCompile Include="checkcpp.cpp">
      <Filter>ソース ファイル</Filter>
    </ClCompile>
    <ClCompile Include="CODEFES2014.cpp">
      <Filter>ソース ファイル\solved</Filter>
    </ClCompile>
    <ClCompile Include="ARC005-C.cpp">
      <Filter>ソース ファイル</Filter>
    </ClCompile>
  </ItemGroup>
</Project>